// !$*UTF8*$!
{
	archiveVersion = 1;
	classes = {
	};
	objectVersion = 46;
	objects = {

/* Begin PBXBuildFile section */
		28370DF21C87D44B001B1FC4 /* AppDelegate.swift in Sources */ = {isa = PBXBuildFile; fileRef = 28370DF11C87D44B001B1FC4 /* AppDelegate.swift */; };
		28370DF71C87D44B001B1FC4 /* Main.storyboard in Resources */ = {isa = PBXBuildFile; fileRef = 28370DF51C87D44B001B1FC4 /* Main.storyboard */; };
		28370DF91C87D44B001B1FC4 /* Assets.xcassets in Resources */ = {isa = PBXBuildFile; fileRef = 28370DF81C87D44B001B1FC4 /* Assets.xcassets */; };
		28370DFC1C87D44B001B1FC4 /* LaunchScreen.storyboard in Resources */ = {isa = PBXBuildFile; fileRef = 28370DFA1C87D44B001B1FC4 /* LaunchScreen.storyboard */; };
		28370E041C87D85B001B1FC4 /* MainViewController.swift in Sources */ = {isa = PBXBuildFile; fileRef = 28370E031C87D85B001B1FC4 /* MainViewController.swift */; };
		28370E061C87D86C001B1FC4 /* MainTableViewCell.swift in Sources */ = {isa = PBXBuildFile; fileRef = 28370E051C87D86C001B1FC4 /* MainTableViewCell.swift */; };
		28370E0B1C87D9BB001B1FC4 /* UserInfoModel.swift in Sources */ = {isa = PBXBuildFile; fileRef = 28370E0A1C87D9BB001B1FC4 /* UserInfoModel.swift */; };
		28370E0D1C87E657001B1FC4 /* MenuViewController.swift in Sources */ = {isa = PBXBuildFile; fileRef = 28370E0C1C87E657001B1FC4 /* MenuViewController.swift */; };
		28370E0F1C87EA57001B1FC4 /* MenuTransitionManager.swift in Sources */ = {isa = PBXBuildFile; fileRef = 28370E0E1C87EA57001B1FC4 /* MenuTransitionManager.swift */; };
/* End PBXBuildFile section */

/* Begin PBXFileReference section */
		28370DEE1C87D44B001B1FC4 /* My-TumblrMenu.app */ = {isa = PBXFileReference; explicitFileType = wrapper.application; includeInIndex = 0; path = "My-TumblrMenu.app"; sourceTree = BUILT_PRODUCTS_DIR; };
		28370DF11C87D44B001B1FC4 /* AppDelegate.swift */ = {isa = PBXFileReference; lastKnownFileType = sourcecode.swift; path = AppDelegate.swift; sourceTree = "<group>"; };
		28370DF61C87D44B001B1FC4 /* Base */ = {isa = PBXFileReference; lastKnownFileType = file.storyboard; name = Base; path = Base.lproj/Main.storyboard; sourceTree = "<group>"; };
		28370DF81C87D44B001B1FC4 /* Assets.xcassets */ = {isa = PBXFileReference; lastKnownFileType = folder.assetcatalog; path = Assets.xcassets; sourceTree = "<group>"; };
		28370DFB1C87D44B001B1FC4 /* Base */ = {isa = PBXFileReference; lastKnownFileType = file.storyboard; name = Base; path = Base.lproj/LaunchScreen.storyboard; sourceTree = "<group>"; };
		28370DFD1C87D44B001B1FC4 /* Info.plist */ = {isa = PBXFileReference; lastKnownFileType = text.plist.xml; path = Info.plist; sourceTree = "<group>"; };
		28370E031C87D85B001B1FC4 /* MainViewController.swift */ = {isa = PBXFileReference; fileEncoding = 4; lastKnownFileType = sourcecode.swift; path = MainViewController.swift; sourceTree = "<group>"; };
		28370E051C87D86C001B1FC4 /* MainTableViewCell.swift */ = {isa = PBXFileReference; fileEncoding = 4; lastKnownFileType = sourcecode.swift; path = MainTableViewCell.swift; sourceTree = "<group>"; };
		28370E0A1C87D9BB001B1FC4 /* UserInfoModel.swift */ = {isa = PBXFileReference; fileEncoding = 4; lastKnownFileType = sourcecode.swift; path = UserInfoModel.swift; sourceTree = "<group>"; };
		28370E0C1C87E657001B1FC4 /* MenuViewController.swift */ = {isa = PBXFileReference; fileEncoding = 4; lastKnownFileType = sourcecode.swift; path = MenuViewController.swift; sourceTree = "<group>"; };
		28370E0E1C87EA57001B1FC4 /* MenuTransitionManager.swift */ = {isa = PBXFileReference; fileEncoding = 4; lastKnownFileType = sourcecode.swift; path = MenuTransitionManager.swift; sourceTree = "<group>"; };
/* End PBXFileReference section */

/* Begin PBXFrameworksBuildPhase section */
		28370DEB1C87D44B001B1FC4 /* Frameworks */ = {
			isa = PBXFrameworksBuildPhase;
			buildActionMask = 2147483647;
			files = (
			);
			runOnlyForDeploymentPostprocessing = 0;
		};
/* End PBXFrameworksBuildPhase section */

/* Begin PBXGroup section */
		28370DE51C87D44B001B1FC4 = {
			isa = PBXGroup;
			children = (
				28370DF01C87D44B001B1FC4 /* My-TumblrMenu */,
				28370DEF1C87D44B001B1FC4 /* Products */,
			);
			sourceTree = "<group>";
		};
		28370DEF1C87D44B001B1FC4 /* Products */ = {
			isa = PBXGroup;
			children = (
				28370DEE1C87D44B001B1FC4 /* My-TumblrMenu.app */,
			);
			name = Products;
			sourceTree = "<group>";
		};
		28370DF01C87D44B001B1FC4 /* My-TumblrMenu */ = {
			isa = PBXGroup;
			children = (
				28370DF11C87D44B001B1FC4 /* AppDelegate.swift */,
				28370E091C87D99F001B1FC4 /* Model */,
				28370E081C87D99A001B1FC4 /* Views */,
				28370E071C87D992001B1FC4 /* Controllers */,
				28370DF51C87D44B001B1FC4 /* Main.storyboard */,
				28370DF81C87D44B001B1FC4 /* Assets.xcassets */,
				28370DFA1C87D44B001B1FC4 /* LaunchScreen.storyboard */,
				28370DFD1C87D44B001B1FC4 /* Info.plist */,
			);
			path = "My-TumblrMenu";
			sourceTree = "<group>";
		};
		28370E071C87D992001B1FC4 /* Controllers */ = {
			isa = PBXGroup;
			children = (
				28370E031C87D85B001B1FC4 /* MainViewController.swift */,
				28370E0C1C87E657001B1FC4 /* MenuViewController.swift */,
			);
			name = Controllers;
			sourceTree = "<group>";
		};
		28370E081C87D99A001B1FC4 /* Views */ = {
			isa = PBXGroup;
			children = (
				28370E051C87D86C001B1FC4 /* MainTableViewCell.swift */,
			);
			name = Views;
			sourceTree = "<group>";
		};
		28370E091C87D99F001B1FC4 /* Model */ = {
			isa = PBXGroup;
			children = (
				28370E0A1C87D9BB001B1FC4 /* UserInfoModel.swift */,
				28370E0E1C87EA57001B1FC4 /* MenuTransitionManager.swift */,
			);
			name = Model;
			sourceTree = "<group>";
		};
/* End PBXGroup section */

/* Begin PBXNativeTarget section */
		28370DED1C87D44B001B1FC4 /* My-TumblrMenu */ = {
			isa = PBXNativeTarget;
			buildConfigurationList = 28370E001C87D44B001B1FC4 /* Build configuration list for PBXNativeTarget "My-TumblrMenu" */;
			buildPhases = (
				28370DEA1C87D44B001B1FC4 /* Sources */,
				28370DEB1C87D44B001B1FC4 /* Frameworks */,
				28370DEC1C87D44B001B1FC4 /* Resources */,
			);
			buildRules = (
			);
			dependencies = (
			);
			name = "My-TumblrMenu";
			productName = "My-TumblrMenu";
			productReference = 28370DEE1C87D44B001B1FC4 /* My-TumblrMenu.app */;
			productType = "com.apple.product-type.application";
		};
/* End PBXNativeTarget section */

/* Begin PBXProject section */
		28370DE61C87D44B001B1FC4 /* Project object */ = {
			isa = PBXProject;
			attributes = {
				LastSwiftUpdateCheck = 0720;
				LastUpgradeCheck = 0720;
				ORGANIZATIONNAME = v2panda;
				TargetAttributes = {
					28370DED1C87D44B001B1FC4 = {
						CreatedOnToolsVersion = 7.2;
					};
				};
			};
			buildConfigurationList = 28370DE91C87D44B001B1FC4 /* Build configuration list for PBXProject "My-TumblrMenu" */;
			compatibilityVersion = "Xcode 3.2";
			developmentRegion = English;
			hasScannedForEncodings = 0;
			knownRegions = (
				en,
				Base,
			);
			mainGroup = 28370DE51C87D44B001B1FC4;
			productRefGroup = 28370DEF1C87D44B001B1FC4 /* Products */;
			projectDirPath = "";
			projectRoot = "";
			targets = (
				28370DED1C87D44B001B1FC4 /* My-TumblrMenu */,
			);
		};
/* End PBXProject section */

/* Begin PBXResourcesBuildPhase section */
		28370DEC1C87D44B001B1FC4 /* Resources */ = {
			isa = PBXResourcesBuildPhase;
			buildActionMask = 2147483647;
			files = (
				28370DFC1C87D44B001B1FC4 /* LaunchScreen.storyboard in Resources */,
				28370DF91C87D44B001B1FC4 /* Assets.xcassets in Resources */,
				28370DF71C87D44B001B1FC4 /* Main.storyboard in Resources */,
			);
			runOnlyForDeploymentPostprocessing = 0;
		};
/* End PBXResourcesBuildPhase section */

/* Begin PBXSourcesBuildPhase section */
		28370DEA1C87D44B001B1FC4 /* Sources */ = {
			isa = PBXSourcesBuildPhase;
			buildActionMask = 2147483647;
			files = (
				28370DF21C87D44B001B1FC4 /* AppDelegate.swift in Sources */,
				28370E0F1C87EA57001B1FC4 /* MenuTransitionManager.swift in Sources */,
				28370E0D1C87E657001B1FC4 /* MenuViewController.swift in Sources */,
				28370E061C87D86C001B1FC4 /* MainTableViewCell.swift in Sources */,
				28370E0B1C87D9BB001B1FC4 /* UserInfoModel.swift in Sources */,
				28370E041C87D85B001B1FC4 /* MainViewController.swift in Sources */,
			);
			runOnlyForDeploymentPostprocessing = 0;
		};
/* End PBXSourcesBuildPhase section */

/* Begin PBXVariantGroup section */
		28370DF51C87D44B001B1FC4 /* Main.storyboard */ = {
			isa = PBXVariantGroup;
			children = (
				28370DF61C87D44B001B1FC4 /* Base */,
			);
			name = Main.storyboard;
			sourceTree = "<group>";
		};
		28370DFA1C87D44B001B1FC4 /* LaunchScreen.storyboard */ = {
			isa = PBXVariantGroup;
			children = (
				28370DFB1C87D44B001B1FC4 /* Base */,
			);
			name = LaunchScreen.storyboard;
			sourceTree = "<group>";
		};
/* End PBXVariantGroup section */

/* Begin XCBuildConfiguration section */
		28370DFE1C87D44B001B1FC4 /* Debug */ = {
			isa = XCBuildConfiguration;
			buildSettings = {
				ALWAYS_SEARCH_USER_PATHS = NO;
				CLANG_CXX_LANGUAGE_STANDARD = "gnu++0x";
				CLANG_CXX_LIBRARY = "libc++";
				CLANG_ENABLE_MODULES = YES;
				CLANG_ENABLE_OBJC_ARC = YES;
				CLANG_WARN_BOOL_CONVERSION = YES;
				CLANG_WARN_CONSTANT_CONVERSION = YES;
				CLANG_WARN_DIRECT_OBJC_ISA_USAGE = YES_ERROR;
				CLANG_WARN_EMPTY_BODY = YES;
				CLANG_WARN_ENUM_CONVERSION = YES;
				CLANG_WARN_INT_CONVERSION = YES;
				CLANG_WARN_OBJC_ROOT_CLASS = YES_ERROR;
				CLANG_WARN_UNREACHABLE_CODE = YES;
				CLANG_WARN__DUPLICATE_METHOD_MATCH = YES;
				"CODE_SIGN_IDENTITY[sdk=iphoneos*]" = "iPhone Developer";
				COPY_PHASE_STRIP = NO;
				DEBUG_INFORMATION_FORMAT = dwarf;
				ENABLE_STRICT_OBJC_MSGSEND = YES;
				ENABLE_TESTABILITY = YES;
				GCC_C_LANGUAGE_STANDARD = gnu99;
				GCC_DYNAMIC_NO_PIC = NO;
				GCC_NO_COMMON_BLOCKS = YES;
				GCC_OPTIMIZATION_LEVEL = 0;
				GCC_PREPROCESSOR_DEFINITIONS = (
					"DEBUG=1",
					"$(inherited)",
				);
				GCC_WARN_64_TO_32_BIT_CONVERSION = YES;
				GCC_WARN_ABOUT_RETURN_TYPE = YES_ERROR;
				GCC_WARN_UNDECLARED_SELECTOR = YES;
				GCC_WARN_UNINITIALIZED_AUTOS = YES_AGGRESSIVE;
				GCC_WARN_UNUSED_FUNCTION = YES;
				GCC_WARN_UNUSED_VARIABLE = YES;
				IPHONEOS_DEPLOYMENT_TARGET = 9.2;
				MTL_ENABLE_DEBUG_INFO = YES;
				ONLY_ACTIVE_ARCH = YES;
				SDKROOT = iphoneos;
				SWIFT_OPTIMIZATION_LEVEL = "-Onone";
				TARGETED_DEVICE_FAMILY = "1,2";
			};
			name = Debug;
		};
		28370DFF1C87D44B001B1FC4 /* Release */ = {
			isa = XCBuildConfiguration;
			buildSettings = {
				ALWAYS_SEARCH_USER_PATHS = NO;
				CLANG_CXX_LANGUAGE_STANDARD = "gnu++0x";
				CLANG_CXX_LIBRARY = "libc++";
				CLANG_ENABLE_MODULES = YES;
				CLANG_ENABLE_OBJC_ARC = YES;
				CLANG_WARN_BOOL_CONVERSION = YES;
				CLANG_WARN_CONSTANT_CONVERSION = YES;
				CLANG_WARN_DIRECT_OBJC_ISA_USAGE = YES_ERROR;
				CLANG_WARN_EMPTY_BODY = YES;
				CLANG_WARN_ENUM_CONVERSION = YES;
				CLANG_WARN_INT_CONVERSION = YES;
				CLANG_WARN_OBJC_ROOT_CLASS = YES_ERROR;
				CLANG_WARN_UNREACHABLE_CODE = YES;
				CLANG_WARN__DUPLICATE_METHOD_MATCH = YES;
				"CODE_SIGN_IDENTITY[sdk=iphoneos*]" = "iPhone Developer";
				COPY_PHASE_STRIP = NO;
				DEBUG_INFORMATION_FORMAT = "dwarf-with-dsym";
				ENABLE_NS_ASSERTIONS = NO;
				ENABLE_STRICT_OBJC_MSGSEND = YES;
				GCC_C_LANGUAGE_STANDARD = gnu99;
				GCC_NO_COMMON_BLOCKS = YES;
				GCC_WARN_64_TO_32_BIT_CONVERSION = YES;
				GCC_WARN_ABOUT_RETURN_TYPE = YES_ERROR;
				GCC_WARN_UNDECLARED_SELECTOR = YES;
				GCC_WARN_UNINITIALIZED_AUTOS = YES_AGGRESSIVE;
				GCC_WARN_UNUSED_FUNCTION = YES;
				GCC_WARN_UNUSED_VARIABLE = YES;
				IPHONEOS_DEPLOYMENT_TARGET = 9.2;
				MTL_ENABLE_DEBUG_INFO = NO;
				SDKROOT = iphoneos;
				TARGETED_DEVICE_FAMILY = "1,2";
				VALIDATE_PRODUCT = YES;
			};
			name = Release;
		};
		28370E011C87D44B001B1FC4 /* Debug */ = {
			isa = XCBuildConfiguration;
			buildSettings = {
				ASSETCATALOG_COMPILER_APPICON_NAME = AppIcon;
				INFOPLIST_FILE = "My-TumblrMenu/Info.plist";
				LD_RUNPATH_SEARCH_PATHS = "$(inherited) @executable_path/Frameworks";
				PRODUCT_BUNDLE_IDENTIFIER = "PDA.My-TumblrMenu";
				PRODUCT_NAME = "$(TARGET_NAME)";
			};
			name = Debug;
		};
		28370E021C87D44B001B1FC4 /* Release */ = {
			isa = XCBuildConfiguration;
			buildSettings = {
				ASSETCATALOG_COMPILER_APPICON_NAME = AppIcon;
				INFOPLIST_FILE = "My-TumblrMenu/Info.plist";
				LD_RUNPATH_SEARCH_PATHS = "$(inherited) @executable_path/Frameworks";
				PRODUCT_BUNDLE_IDENTIFIER = "PDA.My-TumblrMenu";
				PRODUCT_NAME = "$(TARGET_NAME)";
			};
			name = Release;
		};
/* End XCBuildConfiguration section */

/* Begin XCConfigurationList section */
		28370DE91C87D44B001B1FC4 /* Build configuration list for PBXProject "My-TumblrMenu" */ = {
			isa = XCConfigurationList;
			buildConfigurations = (
				28370DFE1C87D44B001B1FC4 /* Debug */,
				28370DFF1C87D44B001B1FC4 /* Release */,
			);
			defaultConfigurationIsVisible = 0;
			defaultConfigurationName = Release;
		};
		28370E001C87D44B001B1FC4 /* Build configuration list for PBXNativeTarget "My-TumblrMenu" */ = {
			isa = XCConfigurationList;
			buildConfigurations = (
				28370E011C87D44B001B1FC4 /* Debug */,
				28370E021C87D44B001B1FC4 /* Release */,
			);
			defaultConfigurationIsVisible = 0;
		};
/* End XCConfigurationList section */
	};
	rootObject = 28370DE61C87D44B001B1FC4 /* Project object */;
}
