// !$*UTF8*$!
{
	archiveVersion = 1;
	classes = {
	};
	objectVersion = 46;
	objects = {

/* Begin PBXBuildFile section */
		7C7FA9F11C75F77000D10300 /* AppDelegate.swift in Sources */ = {isa = PBXBuildFile; fileRef = 7C7FA9F01C75F77000D10300 /* AppDelegate.swift */; };
		7C7FA9F31C75F77000D10300 /* ViewController.swift in Sources */ = {isa = PBXBuildFile; fileRef = 7C7FA9F21C75F77000D10300 /* ViewController.swift */; };
		7C7FA9F61C75F77000D10300 /* Main.storyboard in Resources */ = {isa = PBXBuildFile; fileRef = 7C7FA9F41C75F77000D10300 /* Main.storyboard */; };
		7C7FA9F81C75F77000D10300 /* Assets.xcassets in Resources */ = {isa = PBXBuildFile; fileRef = 7C7FA9F71C75F77000D10300 /* Assets.xcassets */; };
		7C7FA9FB1C75F77000D10300 /* LaunchScreen.storyboard in Resources */ = {isa = PBXBuildFile; fileRef = 7C7FA9F91C75F77000D10300 /* LaunchScreen.storyboard */; };
		7C7FAA031C76042200D10300 /* VideoCell.swift in Sources */ = {isa = PBXBuildFile; fileRef = 7C7FAA021C76042200D10300 /* VideoCell.swift */; };
		7C7FAA071C76160300D10300 /* emoji zone.mp4 in Resources */ = {isa = PBXBuildFile; fileRef = 7C7FAA061C76160300D10300 /* emoji zone.mp4 */; };
		7C7FAA081C76163100D10300 /* test.mp4 in Resources */ = {isa = PBXBuildFile; fileRef = 7C7FAA041C760FD000D10300 /* test.mp4 */; };
/* End PBXBuildFile section */

/* Begin PBXFileReference section */
		7C7FA9ED1C75F77000D10300 /* My-PlayLocalVideo.app */ = {isa = PBXFileReference; explicitFileType = wrapper.application; includeInIndex = 0; path = "My-PlayLocalVideo.app"; sourceTree = BUILT_PRODUCTS_DIR; };
		7C7FA9F01C75F77000D10300 /* AppDelegate.swift */ = {isa = PBXFileReference; lastKnownFileType = sourcecode.swift; path = AppDelegate.swift; sourceTree = "<group>"; };
		7C7FA9F21C75F77000D10300 /* ViewController.swift */ = {isa = PBXFileReference; lastKnownFileType = sourcecode.swift; path = ViewController.swift; sourceTree = "<group>"; };
		7C7FA9F51C75F77000D10300 /* Base */ = {isa = PBXFileReference; lastKnownFileType = file.storyboard; name = Base; path = Base.lproj/Main.storyboard; sourceTree = "<group>"; };
		7C7FA9F71C75F77000D10300 /* Assets.xcassets */ = {isa = PBXFileReference; lastKnownFileType = folder.assetcatalog; path = Assets.xcassets; sourceTree = "<group>"; };
		7C7FA9FA1C75F77000D10300 /* Base */ = {isa = PBXFileReference; lastKnownFileType = file.storyboard; name = Base; path = Base.lproj/LaunchScreen.storyboard; sourceTree = "<group>"; };
		7C7FA9FC1C75F77000D10300 /* Info.plist */ = {isa = PBXFileReference; lastKnownFileType = text.plist.xml; path = Info.plist; sourceTree = "<group>"; };
		7C7FAA021C76042200D10300 /* VideoCell.swift */ = {isa = PBXFileReference; fileEncoding = 4; lastKnownFileType = sourcecode.swift; path = VideoCell.swift; sourceTree = "<group>"; };
		7C7FAA041C760FD000D10300 /* test.mp4 */ = {isa = PBXFileReference; lastKnownFileType = file; path = test.mp4; sourceTree = "<group>"; };
		7C7FAA061C76160300D10300 /* emoji zone.mp4 */ = {isa = PBXFileReference; lastKnownFileType = file; path = "emoji zone.mp4"; sourceTree = "<group>"; };
/* End PBXFileReference section */

/* Begin PBXFrameworksBuildPhase section */
		7C7FA9EA1C75F77000D10300 /* Frameworks */ = {
			isa = PBXFrameworksBuildPhase;
			buildActionMask = 2147483647;
			files = (
			);
			runOnlyForDeploymentPostprocessing = 0;
		};
/* End PBXFrameworksBuildPhase section */

/* Begin PBXGroup section */
		7C7FA9E41C75F77000D10300 = {
			isa = PBXGroup;
			children = (
				7C7FA9EF1C75F77000D10300 /* My-PlayLocalVideo */,
				7C7FA9EE1C75F77000D10300 /* Products */,
			);
			sourceTree = "<group>";
		};
		7C7FA9EE1C75F77000D10300 /* Products */ = {
			isa = PBXGroup;
			children = (
				7C7FA9ED1C75F77000D10300 /* My-PlayLocalVideo.app */,
			);
			name = Products;
			sourceTree = "<group>";
		};
		7C7FA9EF1C75F77000D10300 /* My-PlayLocalVideo */ = {
			isa = PBXGroup;
			children = (
				7C7FA9F01C75F77000D10300 /* AppDelegate.swift */,
				7C7FA9F21C75F77000D10300 /* ViewController.swift */,
				7C7FAA021C76042200D10300 /* VideoCell.swift */,
				7C7FAA051C76150F00D10300 /* Movie */,
				7C7FA9F41C75F77000D10300 /* Main.storyboard */,
				7C7FA9F71C75F77000D10300 /* Assets.xcassets */,
				7C7FA9F91C75F77000D10300 /* LaunchScreen.storyboard */,
				7C7FA9FC1C75F77000D10300 /* Info.plist */,
			);
			path = "My-PlayLocalVideo";
			sourceTree = "<group>";
		};
		7C7FAA051C76150F00D10300 /* Movie */ = {
			isa = PBXGroup;
			children = (
				7C7FAA061C76160300D10300 /* emoji zone.mp4 */,
				7C7FAA041C760FD000D10300 /* test.mp4 */,
			);
			name = Movie;
			sourceTree = "<group>";
		};
/* End PBXGroup section */

/* Begin PBXNativeTarget section */
		7C7FA9EC1C75F77000D10300 /* My-PlayLocalVideo */ = {
			isa = PBXNativeTarget;
			buildConfigurationList = 7C7FA9FF1C75F77000D10300 /* Build configuration list for PBXNativeTarget "My-PlayLocalVideo" */;
			buildPhases = (
				7C7FA9E91C75F77000D10300 /* Sources */,
				7C7FA9EA1C75F77000D10300 /* Frameworks */,
				7C7FA9EB1C75F77000D10300 /* Resources */,
			);
			buildRules = (
			);
			dependencies = (
			);
			name = "My-PlayLocalVideo";
			productName = "My-PlayLocalVideo";
			productReference = 7C7FA9ED1C75F77000D10300 /* My-PlayLocalVideo.app */;
			productType = "com.apple.product-type.application";
		};
/* End PBXNativeTarget section */

/* Begin PBXProject section */
		7C7FA9E51C75F77000D10300 /* Project object */ = {
			isa = PBXProject;
			attributes = {
				LastSwiftUpdateCheck = 0720;
				LastUpgradeCheck = 0720;
				ORGANIZATIONNAME = Panda;
				TargetAttributes = {
					7C7FA9EC1C75F77000D10300 = {
						CreatedOnToolsVersion = 7.2;
					};
				};
			};
			buildConfigurationList = 7C7FA9E81C75F77000D10300 /* Build configuration list for PBXProject "My-PlayLocalVideo" */;
			compatibilityVersion = "Xcode 3.2";
			developmentRegion = English;
			hasScannedForEncodings = 0;
			knownRegions = (
				en,
				Base,
			);
			mainGroup = 7C7FA9E41C75F77000D10300;
			productRefGroup = 7C7FA9EE1C75F77000D10300 /* Products */;
			projectDirPath = "";
			projectRoot = "";
			targets = (
				7C7FA9EC1C75F77000D10300 /* My-PlayLocalVideo */,
			);
		};
/* End PBXProject section */

/* Begin PBXResourcesBuildPhase section */
		7C7FA9EB1C75F77000D10300 /* Resources */ = {
			isa = PBXResourcesBuildPhase;
			buildActionMask = 2147483647;
			files = (
				7C7FAA081C76163100D10300 /* test.mp4 in Resources */,
				7C7FA9FB1C75F77000D10300 /* LaunchScreen.storyboard in Resources */,
				7C7FAA071C76160300D10300 /* emoji zone.mp4 in Resources */,
				7C7FA9F81C75F77000D10300 /* Assets.xcassets in Resources */,
				7C7FA9F61C75F77000D10300 /* Main.storyboard in Resources */,
			);
			runOnlyForDeploymentPostprocessing = 0;
		};
/* End PBXResourcesBuildPhase section */

/* Begin PBXSourcesBuildPhase section */
		7C7FA9E91C75F77000D10300 /* Sources */ = {
			isa = PBXSourcesBuildPhase;
			buildActionMask = 2147483647;
			files = (
				7C7FA9F31C75F77000D10300 /* ViewController.swift in Sources */,
				7C7FA9F11C75F77000D10300 /* AppDelegate.swift in Sources */,
				7C7FAA031C76042200D10300 /* VideoCell.swift in Sources */,
			);
			runOnlyForDeploymentPostprocessing = 0;
		};
/* End PBXSourcesBuildPhase section */

/* Begin PBXVariantGroup section */
		7C7FA9F41C75F77000D10300 /* Main.storyboard */ = {
			isa = PBXVariantGroup;
			children = (
				7C7FA9F51C75F77000D10300 /* Base */,
			);
			name = Main.storyboard;
			sourceTree = "<group>";
		};
		7C7FA9F91C75F77000D10300 /* LaunchScreen.storyboard */ = {
			isa = PBXVariantGroup;
			children = (
				7C7FA9FA1C75F77000D10300 /* Base */,
			);
			name = LaunchScreen.storyboard;
			sourceTree = "<group>";
		};
/* End PBXVariantGroup section */

/* Begin XCBuildConfiguration section */
		7C7FA9FD1C75F77000D10300 /* Debug */ = {
			isa = XCBuildConfiguration;
			buildSettings = {
				ALWAYS_SEARCH_USER_PATHS = NO;
				CLANG_CXX_LANGUAGE_STANDARD = "gnu++0x";
				CLANG_CXX_LIBRARY = "libc++";
				CLANG_ENABLE_MODULES = YES;
				CLANG_ENABLE_OBJC_ARC = YES;
				CLANG_WARN_BOOL_CONVERSION = YES;
				CLANG_WARN_CONSTANT_CONVERSION = YES;
				CLANG_WARN_DIRECT_OBJC_ISA_USAGE = YES_ERROR;
				CLANG_WARN_EMPTY_BODY = YES;
				CLANG_WARN_ENUM_CONVERSION = YES;
				CLANG_WARN_INT_CONVERSION = YES;
				CLANG_WARN_OBJC_ROOT_CLASS = YES_ERROR;
				CLANG_WARN_UNREACHABLE_CODE = YES;
				CLANG_WARN__DUPLICATE_METHOD_MATCH = YES;
				"CODE_SIGN_IDENTITY[sdk=iphoneos*]" = "iPhone Developer";
				COPY_PHASE_STRIP = NO;
				DEBUG_INFORMATION_FORMAT = dwarf;
				ENABLE_STRICT_OBJC_MSGSEND = YES;
				ENABLE_TESTABILITY = YES;
				GCC_C_LANGUAGE_STANDARD = gnu99;
				GCC_DYNAMIC_NO_PIC = NO;
				GCC_NO_COMMON_BLOCKS = YES;
				GCC_OPTIMIZATION_LEVEL = 0;
				GCC_PREPROCESSOR_DEFINITIONS = (
					"DEBUG=1",
					"$(inherited)",
				);
				GCC_WARN_64_TO_32_BIT_CONVERSION = YES;
				GCC_WARN_ABOUT_RETURN_TYPE = YES_ERROR;
				GCC_WARN_UNDECLARED_SELECTOR = YES;
				GCC_WARN_UNINITIALIZED_AUTOS = YES_AGGRESSIVE;
				GCC_WARN_UNUSED_FUNCTION = YES;
				GCC_WARN_UNUSED_VARIABLE = YES;
				IPHONEOS_DEPLOYMENT_TARGET = 9.2;
				MTL_ENABLE_DEBUG_INFO = YES;
				ONLY_ACTIVE_ARCH = YES;
				SDKROOT = iphoneos;
				SWIFT_OPTIMIZATION_LEVEL = "-Onone";
				TARGETED_DEVICE_FAMILY = "1,2";
			};
			name = Debug;
		};
		7C7FA9FE1C75F77000D10300 /* Release */ = {
			isa = XCBuildConfiguration;
			buildSettings = {
				ALWAYS_SEARCH_USER_PATHS = NO;
				CLANG_CXX_LANGUAGE_STANDARD = "gnu++0x";
				CLANG_CXX_LIBRARY = "libc++";
				CLANG_ENABLE_MODULES = YES;
				CLANG_ENABLE_OBJC_ARC = YES;
				CLANG_WARN_BOOL_CONVERSION = YES;
				CLANG_WARN_CONSTANT_CONVERSION = YES;
				CLANG_WARN_DIRECT_OBJC_ISA_USAGE = YES_ERROR;
				CLANG_WARN_EMPTY_BODY = YES;
				CLANG_WARN_ENUM_CONVERSION = YES;
				CLANG_WARN_INT_CONVERSION = YES;
				CLANG_WARN_OBJC_ROOT_CLASS = YES_ERROR;
				CLANG_WARN_UNREACHABLE_CODE = YES;
				CLANG_WARN__DUPLICATE_METHOD_MATCH = YES;
				"CODE_SIGN_IDENTITY[sdk=iphoneos*]" = "iPhone Developer";
				COPY_PHASE_STRIP = NO;
				DEBUG_INFORMATION_FORMAT = "dwarf-with-dsym";
				ENABLE_NS_ASSERTIONS = NO;
				ENABLE_STRICT_OBJC_MSGSEND = YES;
				GCC_C_LANGUAGE_STANDARD = gnu99;
				GCC_NO_COMMON_BLOCKS = YES;
				GCC_WARN_64_TO_32_BIT_CONVERSION = YES;
				GCC_WARN_ABOUT_RETURN_TYPE = YES_ERROR;
				GCC_WARN_UNDECLARED_SELECTOR = YES;
				GCC_WARN_UNINITIALIZED_AUTOS = YES_AGGRESSIVE;
				GCC_WARN_UNUSED_FUNCTION = YES;
				GCC_WARN_UNUSED_VARIABLE = YES;
				IPHONEOS_DEPLOYMENT_TARGET = 9.2;
				MTL_ENABLE_DEBUG_INFO = NO;
				SDKROOT = iphoneos;
				TARGETED_DEVICE_FAMILY = "1,2";
				VALIDATE_PRODUCT = YES;
			};
			name = Release;
		};
		7C7FAA001C75F77000D10300 /* Debug */ = {
			isa = XCBuildConfiguration;
			buildSettings = {
				ASSETCATALOG_COMPILER_APPICON_NAME = AppIcon;
				INFOPLIST_FILE = "My-PlayLocalVideo/Info.plist";
				LD_RUNPATH_SEARCH_PATHS = "$(inherited) @executable_path/Frameworks";
				PRODUCT_BUNDLE_IDENTIFIER = "v2panda.My-PlayLocalVideo";
				PRODUCT_NAME = "$(TARGET_NAME)";
			};
			name = Debug;
		};
		7C7FAA011C75F77000D10300 /* Release */ = {
			isa = XCBuildConfiguration;
			buildSettings = {
				ASSETCATALOG_COMPILER_APPICON_NAME = AppIcon;
				INFOPLIST_FILE = "My-PlayLocalVideo/Info.plist";
				LD_RUNPATH_SEARCH_PATHS = "$(inherited) @executable_path/Frameworks";
				PRODUCT_BUNDLE_IDENTIFIER = "v2panda.My-PlayLocalVideo";
				PRODUCT_NAME = "$(TARGET_NAME)";
			};
			name = Release;
		};
/* End XCBuildConfiguration section */

/* Begin XCConfigurationList section */
		7C7FA9E81C75F77000D10300 /* Build configuration list for PBXProject "My-PlayLocalVideo" */ = {
			isa = XCConfigurationList;
			buildConfigurations = (
				7C7FA9FD1C75F77000D10300 /* Debug */,
				7C7FA9FE1C75F77000D10300 /* Release */,
			);
			defaultConfigurationIsVisible = 0;
			defaultConfigurationName = Release;
		};
		7C7FA9FF1C75F77000D10300 /* Build configuration list for PBXNativeTarget "My-PlayLocalVideo" */ = {
			isa = XCConfigurationList;
			buildConfigurations = (
				7C7FAA001C75F77000D10300 /* Debug */,
				7C7FAA011C75F77000D10300 /* Release */,
			);
			defaultConfigurationIsVisible = 0;
		};
/* End XCConfigurationList section */
	};
	rootObject = 7C7FA9E51C75F77000D10300 /* Project object */;
}
