// !$*UTF8*$!
{
	archiveVersion = 1;
	classes = {
	};
	objectVersion = 46;
	objects = {

/* Begin PBXBuildFile section */
		2863F9A31C7FEDF40062140E /* AppDelegate.swift in Sources */ = {isa = PBXBuildFile; fileRef = 2863F9A21C7FEDF40062140E /* AppDelegate.swift */; };
		2863F9A51C7FEDF40062140E /* ViewController.swift in Sources */ = {isa = PBXBuildFile; fileRef = 2863F9A41C7FEDF40062140E /* ViewController.swift */; };
		2863F9A81C7FEDF40062140E /* Main.storyboard in Resources */ = {isa = PBXBuildFile; fileRef = 2863F9A61C7FEDF40062140E /* Main.storyboard */; };
		2863F9AA1C7FEDF40062140E /* Assets.xcassets in Resources */ = {isa = PBXBuildFile; fileRef = 2863F9A91C7FEDF40062140E /* Assets.xcassets */; };
		2863F9AD1C7FEDF40062140E /* LaunchScreen.storyboard in Resources */ = {isa = PBXBuildFile; fileRef = 2863F9AB1C7FEDF40062140E /* LaunchScreen.storyboard */; };
/* End PBXBuildFile section */

/* Begin PBXFileReference section */
		2863F99F1C7FEDF40062140E /* My-EmojiGame.app */ = {isa = PBXFileReference; explicitFileType = wrapper.application; includeInIndex = 0; path = "My-EmojiGame.app"; sourceTree = BUILT_PRODUCTS_DIR; };
		2863F9A21C7FEDF40062140E /* AppDelegate.swift */ = {isa = PBXFileReference; lastKnownFileType = sourcecode.swift; path = AppDelegate.swift; sourceTree = "<group>"; };
		2863F9A41C7FEDF40062140E /* ViewController.swift */ = {isa = PBXFileReference; lastKnownFileType = sourcecode.swift; path = ViewController.swift; sourceTree = "<group>"; };
		2863F9A71C7FEDF40062140E /* Base */ = {isa = PBXFileReference; lastKnownFileType = file.storyboard; name = Base; path = Base.lproj/Main.storyboard; sourceTree = "<group>"; };
		2863F9A91C7FEDF40062140E /* Assets.xcassets */ = {isa = PBXFileReference; lastKnownFileType = folder.assetcatalog; path = Assets.xcassets; sourceTree = "<group>"; };
		2863F9AC1C7FEDF40062140E /* Base */ = {isa = PBXFileReference; lastKnownFileType = file.storyboard; name = Base; path = Base.lproj/LaunchScreen.storyboard; sourceTree = "<group>"; };
		2863F9AE1C7FEDF40062140E /* Info.plist */ = {isa = PBXFileReference; lastKnownFileType = text.plist.xml; path = Info.plist; sourceTree = "<group>"; };
/* End PBXFileReference section */

/* Begin PBXFrameworksBuildPhase section */
		2863F99C1C7FEDF40062140E /* Frameworks */ = {
			isa = PBXFrameworksBuildPhase;
			buildActionMask = 2147483647;
			files = (
			);
			runOnlyForDeploymentPostprocessing = 0;
		};
/* End PBXFrameworksBuildPhase section */

/* Begin PBXGroup section */
		2863F9961C7FEDF40062140E = {
			isa = PBXGroup;
			children = (
				2863F9A11C7FEDF40062140E /* My-EmojiGame */,
				2863F9A01C7FEDF40062140E /* Products */,
			);
			sourceTree = "<group>";
		};
		2863F9A01C7FEDF40062140E /* Products */ = {
			isa = PBXGroup;
			children = (
				2863F99F1C7FEDF40062140E /* My-EmojiGame.app */,
			);
			name = Products;
			sourceTree = "<group>";
		};
		2863F9A11C7FEDF40062140E /* My-EmojiGame */ = {
			isa = PBXGroup;
			children = (
				2863F9A21C7FEDF40062140E /* AppDelegate.swift */,
				2863F9A41C7FEDF40062140E /* ViewController.swift */,
				2863F9A61C7FEDF40062140E /* Main.storyboard */,
				2863F9A91C7FEDF40062140E /* Assets.xcassets */,
				2863F9AB1C7FEDF40062140E /* LaunchScreen.storyboard */,
				2863F9AE1C7FEDF40062140E /* Info.plist */,
			);
			path = "My-EmojiGame";
			sourceTree = "<group>";
		};
/* End PBXGroup section */

/* Begin PBXNativeTarget section */
		2863F99E1C7FEDF40062140E /* My-EmojiGame */ = {
			isa = PBXNativeTarget;
			buildConfigurationList = 2863F9B11C7FEDF40062140E /* Build configuration list for PBXNativeTarget "My-EmojiGame" */;
			buildPhases = (
				2863F99B1C7FEDF40062140E /* Sources */,
				2863F99C1C7FEDF40062140E /* Frameworks */,
				2863F99D1C7FEDF40062140E /* Resources */,
			);
			buildRules = (
			);
			dependencies = (
			);
			name = "My-EmojiGame";
			productName = "My-EmojiGame";
			productReference = 2863F99F1C7FEDF40062140E /* My-EmojiGame.app */;
			productType = "com.apple.product-type.application";
		};
/* End PBXNativeTarget section */

/* Begin PBXProject section */
		2863F9971C7FEDF40062140E /* Project object */ = {
			isa = PBXProject;
			attributes = {
				LastSwiftUpdateCheck = 0720;
				LastUpgradeCheck = 0720;
				ORGANIZATIONNAME = v2panda;
				TargetAttributes = {
					2863F99E1C7FEDF40062140E = {
						CreatedOnToolsVersion = 7.2;
					};
				};
			};
			buildConfigurationList = 2863F99A1C7FEDF40062140E /* Build configuration list for PBXProject "My-EmojiGame" */;
			compatibilityVersion = "Xcode 3.2";
			developmentRegion = English;
			hasScannedForEncodings = 0;
			knownRegions = (
				en,
				Base,
			);
			mainGroup = 2863F9961C7FEDF40062140E;
			productRefGroup = 2863F9A01C7FEDF40062140E /* Products */;
			projectDirPath = "";
			projectRoot = "";
			targets = (
				2863F99E1C7FEDF40062140E /* My-EmojiGame */,
			);
		};
/* End PBXProject section */

/* Begin PBXResourcesBuildPhase section */
		2863F99D1C7FEDF40062140E /* Resources */ = {
			isa = PBXResourcesBuildPhase;
			buildActionMask = 2147483647;
			files = (
				2863F9AD1C7FEDF40062140E /* LaunchScreen.storyboard in Resources */,
				2863F9AA1C7FEDF40062140E /* Assets.xcassets in Resources */,
				2863F9A81C7FEDF40062140E /* Main.storyboard in Resources */,
			);
			runOnlyForDeploymentPostprocessing = 0;
		};
/* End PBXResourcesBuildPhase section */

/* Begin PBXSourcesBuildPhase section */
		2863F99B1C7FEDF40062140E /* Sources */ = {
			isa = PBXSourcesBuildPhase;
			buildActionMask = 2147483647;
			files = (
				2863F9A51C7FEDF40062140E /* ViewController.swift in Sources */,
				2863F9A31C7FEDF40062140E /* AppDelegate.swift in Sources */,
			);
			runOnlyForDeploymentPostprocessing = 0;
		};
/* End PBXSourcesBuildPhase section */

/* Begin PBXVariantGroup section */
		2863F9A61C7FEDF40062140E /* Main.storyboard */ = {
			isa = PBXVariantGroup;
			children = (
				2863F9A71C7FEDF40062140E /* Base */,
			);
			name = Main.storyboard;
			sourceTree = "<group>";
		};
		2863F9AB1C7FEDF40062140E /* LaunchScreen.storyboard */ = {
			isa = PBXVariantGroup;
			children = (
				2863F9AC1C7FEDF40062140E /* Base */,
			);
			name = LaunchScreen.storyboard;
			sourceTree = "<group>";
		};
/* End PBXVariantGroup section */

/* Begin XCBuildConfiguration section */
		2863F9AF1C7FEDF40062140E /* Debug */ = {
			isa = XCBuildConfiguration;
			buildSettings = {
				ALWAYS_SEARCH_USER_PATHS = NO;
				CLANG_CXX_LANGUAGE_STANDARD = "gnu++0x";
				CLANG_CXX_LIBRARY = "libc++";
				CLANG_ENABLE_MODULES = YES;
				CLANG_ENABLE_OBJC_ARC = YES;
				CLANG_WARN_BOOL_CONVERSION = YES;
				CLANG_WARN_CONSTANT_CONVERSION = YES;
				CLANG_WARN_DIRECT_OBJC_ISA_USAGE = YES_ERROR;
				CLANG_WARN_EMPTY_BODY = YES;
				CLANG_WARN_ENUM_CONVERSION = YES;
				CLANG_WARN_INT_CONVERSION = YES;
				CLANG_WARN_OBJC_ROOT_CLASS = YES_ERROR;
				CLANG_WARN_UNREACHABLE_CODE = YES;
				CLANG_WARN__DUPLICATE_METHOD_MATCH = YES;
				"CODE_SIGN_IDENTITY[sdk=iphoneos*]" = "iPhone Developer";
				COPY_PHASE_STRIP = NO;
				DEBUG_INFORMATION_FORMAT = dwarf;
				ENABLE_STRICT_OBJC_MSGSEND = YES;
				ENABLE_TESTABILITY = YES;
				GCC_C_LANGUAGE_STANDARD = gnu99;
				GCC_DYNAMIC_NO_PIC = NO;
				GCC_NO_COMMON_BLOCKS = YES;
				GCC_OPTIMIZATION_LEVEL = 0;
				GCC_PREPROCESSOR_DEFINITIONS = (
					"DEBUG=1",
					"$(inherited)",
				);
				GCC_WARN_64_TO_32_BIT_CONVERSION = YES;
				GCC_WARN_ABOUT_RETURN_TYPE = YES_ERROR;
				GCC_WARN_UNDECLARED_SELECTOR = YES;
				GCC_WARN_UNINITIALIZED_AUTOS = YES_AGGRESSIVE;
				GCC_WARN_UNUSED_FUNCTION = YES;
				GCC_WARN_UNUSED_VARIABLE = YES;
				IPHONEOS_DEPLOYMENT_TARGET = 9.2;
				MTL_ENABLE_DEBUG_INFO = YES;
				ONLY_ACTIVE_ARCH = YES;
				SDKROOT = iphoneos;
				SWIFT_OPTIMIZATION_LEVEL = "-Onone";
				TARGETED_DEVICE_FAMILY = "1,2";
			};
			name = Debug;
		};
		2863F9B01C7FEDF40062140E /* Release */ = {
			isa = XCBuildConfiguration;
			buildSettings = {
				ALWAYS_SEARCH_USER_PATHS = NO;
				CLANG_CXX_LANGUAGE_STANDARD = "gnu++0x";
				CLANG_CXX_LIBRARY = "libc++";
				CLANG_ENABLE_MODULES = YES;
				CLANG_ENABLE_OBJC_ARC = YES;
				CLANG_WARN_BOOL_CONVERSION = YES;
				CLANG_WARN_CONSTANT_CONVERSION = YES;
				CLANG_WARN_DIRECT_OBJC_ISA_USAGE = YES_ERROR;
				CLANG_WARN_EMPTY_BODY = YES;
				CLANG_WARN_ENUM_CONVERSION = YES;
				CLANG_WARN_INT_CONVERSION = YES;
				CLANG_WARN_OBJC_ROOT_CLASS = YES_ERROR;
				CLANG_WARN_UNREACHABLE_CODE = YES;
				CLANG_WARN__DUPLICATE_METHOD_MATCH = YES;
				"CODE_SIGN_IDENTITY[sdk=iphoneos*]" = "iPhone Developer";
				COPY_PHASE_STRIP = NO;
				DEBUG_INFORMATION_FORMAT = "dwarf-with-dsym";
				ENABLE_NS_ASSERTIONS = NO;
				ENABLE_STRICT_OBJC_MSGSEND = YES;
				GCC_C_LANGUAGE_STANDARD = gnu99;
				GCC_NO_COMMON_BLOCKS = YES;
				GCC_WARN_64_TO_32_BIT_CONVERSION = YES;
				GCC_WARN_ABOUT_RETURN_TYPE = YES_ERROR;
				GCC_WARN_UNDECLARED_SELECTOR = YES;
				GCC_WARN_UNINITIALIZED_AUTOS = YES_AGGRESSIVE;
				GCC_WARN_UNUSED_FUNCTION = YES;
				GCC_WARN_UNUSED_VARIABLE = YES;
				IPHONEOS_DEPLOYMENT_TARGET = 9.2;
				MTL_ENABLE_DEBUG_INFO = NO;
				SDKROOT = iphoneos;
				TARGETED_DEVICE_FAMILY = "1,2";
				VALIDATE_PRODUCT = YES;
			};
			name = Release;
		};
		2863F9B21C7FEDF40062140E /* Debug */ = {
			isa = XCBuildConfiguration;
			buildSettings = {
				ASSETCATALOG_COMPILER_APPICON_NAME = AppIcon;
				INFOPLIST_FILE = "My-EmojiGame/Info.plist";
				LD_RUNPATH_SEARCH_PATHS = "$(inherited) @executable_path/Frameworks";
				PRODUCT_BUNDLE_IDENTIFIER = "PDA.My-EmojiGame";
				PRODUCT_NAME = "$(TARGET_NAME)";
			};
			name = Debug;
		};
		2863F9B31C7FEDF40062140E /* Release */ = {
			isa = XCBuildConfiguration;
			buildSettings = {
				ASSETCATALOG_COMPILER_APPICON_NAME = AppIcon;
				INFOPLIST_FILE = "My-EmojiGame/Info.plist";
				LD_RUNPATH_SEARCH_PATHS = "$(inherited) @executable_path/Frameworks";
				PRODUCT_BUNDLE_IDENTIFIER = "PDA.My-EmojiGame";
				PRODUCT_NAME = "$(TARGET_NAME)";
			};
			name = Release;
		};
/* End XCBuildConfiguration section */

/* Begin XCConfigurationList section */
		2863F99A1C7FEDF40062140E /* Build configuration list for PBXProject "My-EmojiGame" */ = {
			isa = XCConfigurationList;
			buildConfigurations = (
				2863F9AF1C7FEDF40062140E /* Debug */,
				2863F9B01C7FEDF40062140E /* Release */,
			);
			defaultConfigurationIsVisible = 0;
			defaultConfigurationName = Release;
		};
		2863F9B11C7FEDF40062140E /* Build configuration list for PBXNativeTarget "My-EmojiGame" */ = {
			isa = XCConfigurationList;
			buildConfigurations = (
				2863F9B21C7FEDF40062140E /* Debug */,
				2863F9B31C7FEDF40062140E /* Release */,
			);
			defaultConfigurationIsVisible = 0;
		};
/* End XCConfigurationList section */
	};
	rootObject = 2863F9971C7FEDF40062140E /* Project object */;
}
