// !$*UTF8*$!
{
	archiveVersion = 1;
	classes = {
	};
	objectVersion = 46;
	objects = {

/* Begin PBXBuildFile section */
		28147DAC1C9E86F900EFB392 /* MoviesData.plist in Resources */ = {isa = PBXBuildFile; fileRef = 28147DA61C9E86F900EFB392 /* MoviesData.plist */; };
		28147DAD1C9E86F900EFB392 /* jurassicworld.jpg in Resources */ = {isa = PBXBuildFile; fileRef = 28147DA71C9E86F900EFB392 /* jurassicworld.jpg */; };
		28147DAE1C9E86F900EFB392 /* pixels.jpg in Resources */ = {isa = PBXBuildFile; fileRef = 28147DA81C9E86F900EFB392 /* pixels.jpg */; };
		28147DAF1C9E86F900EFB392 /* spectre.jpg in Resources */ = {isa = PBXBuildFile; fileRef = 28147DA91C9E86F900EFB392 /* spectre.jpg */; };
		28147DB01C9E86F900EFB392 /* terminatorgenisys.jpg in Resources */ = {isa = PBXBuildFile; fileRef = 28147DAA1C9E86F900EFB392 /* terminatorgenisys.jpg */; };
		28147DB11C9E86F900EFB392 /* themartian.jpg in Resources */ = {isa = PBXBuildFile; fileRef = 28147DAB1C9E86F900EFB392 /* themartian.jpg */; };
		28147DB41C9E872A00EFB392 /* MovieSummaryCell.swift in Sources */ = {isa = PBXBuildFile; fileRef = 28147DB21C9E872A00EFB392 /* MovieSummaryCell.swift */; };
		28147DB51C9E872A00EFB392 /* MovieSummaryCell.xib in Resources */ = {isa = PBXBuildFile; fileRef = 28147DB31C9E872A00EFB392 /* MovieSummaryCell.xib */; };
		28147DB71C9E8D5A00EFB392 /* DetailViewController.swift in Sources */ = {isa = PBXBuildFile; fileRef = 28147DB61C9E8D5A00EFB392 /* DetailViewController.swift */; };
		28147DB91C9E955F00EFB392 /* CoreSpotlight.framework in Frameworks */ = {isa = PBXBuildFile; fileRef = 28147DB81C9E955F00EFB392 /* CoreSpotlight.framework */; };
		28147DBB1C9E956600EFB392 /* MobileCoreServices.framework in Frameworks */ = {isa = PBXBuildFile; fileRef = 28147DBA1C9E956600EFB392 /* MobileCoreServices.framework */; };
		2886FB4D1C97A7B500742E16 /* AppDelegate.swift in Sources */ = {isa = PBXBuildFile; fileRef = 2886FB4C1C97A7B500742E16 /* AppDelegate.swift */; };
		2886FB4F1C97A7B500742E16 /* ViewController.swift in Sources */ = {isa = PBXBuildFile; fileRef = 2886FB4E1C97A7B500742E16 /* ViewController.swift */; };
		2886FB521C97A7B500742E16 /* Main.storyboard in Resources */ = {isa = PBXBuildFile; fileRef = 2886FB501C97A7B500742E16 /* Main.storyboard */; };
		2886FB541C97A7B500742E16 /* Assets.xcassets in Resources */ = {isa = PBXBuildFile; fileRef = 2886FB531C97A7B500742E16 /* Assets.xcassets */; };
		2886FB571C97A7B500742E16 /* LaunchScreen.storyboard in Resources */ = {isa = PBXBuildFile; fileRef = 2886FB551C97A7B500742E16 /* LaunchScreen.storyboard */; };
/* End PBXBuildFile section */

/* Begin PBXFileReference section */
		28147DA61C9E86F900EFB392 /* MoviesData.plist */ = {isa = PBXFileReference; fileEncoding = 4; lastKnownFileType = text.plist.xml; path = MoviesData.plist; sourceTree = "<group>"; };
		28147DA71C9E86F900EFB392 /* jurassicworld.jpg */ = {isa = PBXFileReference; lastKnownFileType = image.jpeg; path = jurassicworld.jpg; sourceTree = "<group>"; };
		28147DA81C9E86F900EFB392 /* pixels.jpg */ = {isa = PBXFileReference; lastKnownFileType = image.jpeg; path = pixels.jpg; sourceTree = "<group>"; };
		28147DA91C9E86F900EFB392 /* spectre.jpg */ = {isa = PBXFileReference; lastKnownFileType = image.jpeg; path = spectre.jpg; sourceTree = "<group>"; };
		28147DAA1C9E86F900EFB392 /* terminatorgenisys.jpg */ = {isa = PBXFileReference; lastKnownFileType = image.jpeg; path = terminatorgenisys.jpg; sourceTree = "<group>"; };
		28147DAB1C9E86F900EFB392 /* themartian.jpg */ = {isa = PBXFileReference; lastKnownFileType = image.jpeg; path = themartian.jpg; sourceTree = "<group>"; };
		28147DB21C9E872A00EFB392 /* MovieSummaryCell.swift */ = {isa = PBXFileReference; fileEncoding = 4; lastKnownFileType = sourcecode.swift; path = MovieSummaryCell.swift; sourceTree = "<group>"; };
		28147DB31C9E872A00EFB392 /* MovieSummaryCell.xib */ = {isa = PBXFileReference; fileEncoding = 4; lastKnownFileType = file.xib; path = MovieSummaryCell.xib; sourceTree = "<group>"; };
		28147DB61C9E8D5A00EFB392 /* DetailViewController.swift */ = {isa = PBXFileReference; fileEncoding = 4; lastKnownFileType = sourcecode.swift; path = DetailViewController.swift; sourceTree = "<group>"; };
		28147DB81C9E955F00EFB392 /* CoreSpotlight.framework */ = {isa = PBXFileReference; lastKnownFileType = wrapper.framework; name = CoreSpotlight.framework; path = System/Library/Frameworks/CoreSpotlight.framework; sourceTree = SDKROOT; };
		28147DBA1C9E956600EFB392 /* MobileCoreServices.framework */ = {isa = PBXFileReference; lastKnownFileType = wrapper.framework; name = MobileCoreServices.framework; path = System/Library/Frameworks/MobileCoreServices.framework; sourceTree = SDKROOT; };
		2886FB491C97A7B500742E16 /* My-Spotlt.app */ = {isa = PBXFileReference; explicitFileType = wrapper.application; includeInIndex = 0; path = "My-Spotlt.app"; sourceTree = BUILT_PRODUCTS_DIR; };
		2886FB4C1C97A7B500742E16 /* AppDelegate.swift */ = {isa = PBXFileReference; lastKnownFileType = sourcecode.swift; path = AppDelegate.swift; sourceTree = "<group>"; };
		2886FB4E1C97A7B500742E16 /* ViewController.swift */ = {isa = PBXFileReference; lastKnownFileType = sourcecode.swift; path = ViewController.swift; sourceTree = "<group>"; };
		2886FB511C97A7B500742E16 /* Base */ = {isa = PBXFileReference; lastKnownFileType = file.storyboard; name = Base; path = Base.lproj/Main.storyboard; sourceTree = "<group>"; };
		2886FB531C97A7B500742E16 /* Assets.xcassets */ = {isa = PBXFileReference; lastKnownFileType = folder.assetcatalog; path = Assets.xcassets; sourceTree = "<group>"; };
		2886FB561C97A7B500742E16 /* Base */ = {isa = PBXFileReference; lastKnownFileType = file.storyboard; name = Base; path = Base.lproj/LaunchScreen.storyboard; sourceTree = "<group>"; };
		2886FB581C97A7B500742E16 /* Info.plist */ = {isa = PBXFileReference; lastKnownFileType = text.plist.xml; path = Info.plist; sourceTree = "<group>"; };
/* End PBXFileReference section */

/* Begin PBXFrameworksBuildPhase section */
		2886FB461C97A7B500742E16 /* Frameworks */ = {
			isa = PBXFrameworksBuildPhase;
			buildActionMask = 2147483647;
			files = (
				28147DBB1C9E956600EFB392 /* MobileCoreServices.framework in Frameworks */,
				28147DB91C9E955F00EFB392 /* CoreSpotlight.framework in Frameworks */,
			);
			runOnlyForDeploymentPostprocessing = 0;
		};
/* End PBXFrameworksBuildPhase section */

/* Begin PBXGroup section */
		28147DA51C9E86E800EFB392 /* Sample Data */ = {
			isa = PBXGroup;
			children = (
				28147DA61C9E86F900EFB392 /* MoviesData.plist */,
				28147DA71C9E86F900EFB392 /* jurassicworld.jpg */,
				28147DA81C9E86F900EFB392 /* pixels.jpg */,
				28147DA91C9E86F900EFB392 /* spectre.jpg */,
				28147DAA1C9E86F900EFB392 /* terminatorgenisys.jpg */,
				28147DAB1C9E86F900EFB392 /* themartian.jpg */,
			);
			name = "Sample Data";
			sourceTree = "<group>";
		};
		2886FB401C97A7B400742E16 = {
			isa = PBXGroup;
			children = (
				28147DBA1C9E956600EFB392 /* MobileCoreServices.framework */,
				28147DB81C9E955F00EFB392 /* CoreSpotlight.framework */,
				2886FB4B1C97A7B500742E16 /* My-Spotlt */,
				2886FB4A1C97A7B500742E16 /* Products */,
			);
			sourceTree = "<group>";
		};
		2886FB4A1C97A7B500742E16 /* Products */ = {
			isa = PBXGroup;
			children = (
				2886FB491C97A7B500742E16 /* My-Spotlt.app */,
			);
			name = Products;
			sourceTree = "<group>";
		};
		2886FB4B1C97A7B500742E16 /* My-Spotlt */ = {
			isa = PBXGroup;
			children = (
				2886FB4C1C97A7B500742E16 /* AppDelegate.swift */,
				2886FB4E1C97A7B500742E16 /* ViewController.swift */,
				28147DB61C9E8D5A00EFB392 /* DetailViewController.swift */,
				28147DB21C9E872A00EFB392 /* MovieSummaryCell.swift */,
				28147DA51C9E86E800EFB392 /* Sample Data */,
				2886FB501C97A7B500742E16 /* Main.storyboard */,
				28147DB31C9E872A00EFB392 /* MovieSummaryCell.xib */,
				2886FB531C97A7B500742E16 /* Assets.xcassets */,
				2886FB551C97A7B500742E16 /* LaunchScreen.storyboard */,
				2886FB581C97A7B500742E16 /* Info.plist */,
			);
			path = "My-Spotlt";
			sourceTree = "<group>";
		};
/* End PBXGroup section */

/* Begin PBXNativeTarget section */
		2886FB481C97A7B500742E16 /* My-Spotlt */ = {
			isa = PBXNativeTarget;
			buildConfigurationList = 2886FB5B1C97A7B500742E16 /* Build configuration list for PBXNativeTarget "My-Spotlt" */;
			buildPhases = (
				2886FB451C97A7B500742E16 /* Sources */,
				2886FB461C97A7B500742E16 /* Frameworks */,
				2886FB471C97A7B500742E16 /* Resources */,
			);
			buildRules = (
			);
			dependencies = (
			);
			name = "My-Spotlt";
			productName = "My-Spotlt";
			productReference = 2886FB491C97A7B500742E16 /* My-Spotlt.app */;
			productType = "com.apple.product-type.application";
		};
/* End PBXNativeTarget section */

/* Begin PBXProject section */
		2886FB411C97A7B400742E16 /* Project object */ = {
			isa = PBXProject;
			attributes = {
				LastSwiftUpdateCheck = 0720;
				LastUpgradeCheck = 0720;
				ORGANIZATIONNAME = v2panda;
				TargetAttributes = {
					2886FB481C97A7B500742E16 = {
						CreatedOnToolsVersion = 7.2;
					};
				};
			};
			buildConfigurationList = 2886FB441C97A7B500742E16 /* Build configuration list for PBXProject "My-Spotlt" */;
			compatibilityVersion = "Xcode 3.2";
			developmentRegion = English;
			hasScannedForEncodings = 0;
			knownRegions = (
				en,
				Base,
			);
			mainGroup = 2886FB401C97A7B400742E16;
			productRefGroup = 2886FB4A1C97A7B500742E16 /* Products */;
			projectDirPath = "";
			projectRoot = "";
			targets = (
				2886FB481C97A7B500742E16 /* My-Spotlt */,
			);
		};
/* End PBXProject section */

/* Begin PBXResourcesBuildPhase section */
		2886FB471C97A7B500742E16 /* Resources */ = {
			isa = PBXResourcesBuildPhase;
			buildActionMask = 2147483647;
			files = (
				28147DAF1C9E86F900EFB392 /* spectre.jpg in Resources */,
				28147DAE1C9E86F900EFB392 /* pixels.jpg in Resources */,
				28147DAD1C9E86F900EFB392 /* jurassicworld.jpg in Resources */,
				28147DB01C9E86F900EFB392 /* terminatorgenisys.jpg in Resources */,
				2886FB571C97A7B500742E16 /* LaunchScreen.storyboard in Resources */,
				2886FB541C97A7B500742E16 /* Assets.xcassets in Resources */,
				28147DB11C9E86F900EFB392 /* themartian.jpg in Resources */,
				2886FB521C97A7B500742E16 /* Main.storyboard in Resources */,
				28147DAC1C9E86F900EFB392 /* MoviesData.plist in Resources */,
				28147DB51C9E872A00EFB392 /* MovieSummaryCell.xib in Resources */,
			);
			runOnlyForDeploymentPostprocessing = 0;
		};
/* End PBXResourcesBuildPhase section */

/* Begin PBXSourcesBuildPhase section */
		2886FB451C97A7B500742E16 /* Sources */ = {
			isa = PBXSourcesBuildPhase;
			buildActionMask = 2147483647;
			files = (
				2886FB4F1C97A7B500742E16 /* ViewController.swift in Sources */,
				2886FB4D1C97A7B500742E16 /* AppDelegate.swift in Sources */,
				28147DB41C9E872A00EFB392 /* MovieSummaryCell.swift in Sources */,
				28147DB71C9E8D5A00EFB392 /* DetailViewController.swift in Sources */,
			);
			runOnlyForDeploymentPostprocessing = 0;
		};
/* End PBXSourcesBuildPhase section */

/* Begin PBXVariantGroup section */
		2886FB501C97A7B500742E16 /* Main.storyboard */ = {
			isa = PBXVariantGroup;
			children = (
				2886FB511C97A7B500742E16 /* Base */,
			);
			name = Main.storyboard;
			sourceTree = "<group>";
		};
		2886FB551C97A7B500742E16 /* LaunchScreen.storyboard */ = {
			isa = PBXVariantGroup;
			children = (
				2886FB561C97A7B500742E16 /* Base */,
			);
			name = LaunchScreen.storyboard;
			sourceTree = "<group>";
		};
/* End PBXVariantGroup section */

/* Begin XCBuildConfiguration section */
		2886FB591C97A7B500742E16 /* Debug */ = {
			isa = XCBuildConfiguration;
			buildSettings = {
				ALWAYS_SEARCH_USER_PATHS = NO;
				CLANG_CXX_LANGUAGE_STANDARD = "gnu++0x";
				CLANG_CXX_LIBRARY = "libc++";
				CLANG_ENABLE_MODULES = YES;
				CLANG_ENABLE_OBJC_ARC = YES;
				CLANG_WARN_BOOL_CONVERSION = YES;
				CLANG_WARN_CONSTANT_CONVERSION = YES;
				CLANG_WARN_DIRECT_OBJC_ISA_USAGE = YES_ERROR;
				CLANG_WARN_EMPTY_BODY = YES;
				CLANG_WARN_ENUM_CONVERSION = YES;
				CLANG_WARN_INT_CONVERSION = YES;
				CLANG_WARN_OBJC_ROOT_CLASS = YES_ERROR;
				CLANG_WARN_UNREACHABLE_CODE = YES;
				CLANG_WARN__DUPLICATE_METHOD_MATCH = YES;
				"CODE_SIGN_IDENTITY[sdk=iphoneos*]" = "iPhone Developer";
				COPY_PHASE_STRIP = NO;
				DEBUG_INFORMATION_FORMAT = dwarf;
				ENABLE_STRICT_OBJC_MSGSEND = YES;
				ENABLE_TESTABILITY = YES;
				GCC_C_LANGUAGE_STANDARD = gnu99;
				GCC_DYNAMIC_NO_PIC = NO;
				GCC_NO_COMMON_BLOCKS = YES;
				GCC_OPTIMIZATION_LEVEL = 0;
				GCC_PREPROCESSOR_DEFINITIONS = (
					"DEBUG=1",
					"$(inherited)",
				);
				GCC_WARN_64_TO_32_BIT_CONVERSION = YES;
				GCC_WARN_ABOUT_RETURN_TYPE = YES_ERROR;
				GCC_WARN_UNDECLARED_SELECTOR = YES;
				GCC_WARN_UNINITIALIZED_AUTOS = YES_AGGRESSIVE;
				GCC_WARN_UNUSED_FUNCTION = YES;
				GCC_WARN_UNUSED_VARIABLE = YES;
				IPHONEOS_DEPLOYMENT_TARGET = 9.2;
				MTL_ENABLE_DEBUG_INFO = YES;
				ONLY_ACTIVE_ARCH = YES;
				SDKROOT = iphoneos;
				SWIFT_OPTIMIZATION_LEVEL = "-Onone";
				TARGETED_DEVICE_FAMILY = "1,2";
			};
			name = Debug;
		};
		2886FB5A1C97A7B500742E16 /* Release */ = {
			isa = XCBuildConfiguration;
			buildSettings = {
				ALWAYS_SEARCH_USER_PATHS = NO;
				CLANG_CXX_LANGUAGE_STANDARD = "gnu++0x";
				CLANG_CXX_LIBRARY = "libc++";
				CLANG_ENABLE_MODULES = YES;
				CLANG_ENABLE_OBJC_ARC = YES;
				CLANG_WARN_BOOL_CONVERSION = YES;
				CLANG_WARN_CONSTANT_CONVERSION = YES;
				CLANG_WARN_DIRECT_OBJC_ISA_USAGE = YES_ERROR;
				CLANG_WARN_EMPTY_BODY = YES;
				CLANG_WARN_ENUM_CONVERSION = YES;
				CLANG_WARN_INT_CONVERSION = YES;
				CLANG_WARN_OBJC_ROOT_CLASS = YES_ERROR;
				CLANG_WARN_UNREACHABLE_CODE = YES;
				CLANG_WARN__DUPLICATE_METHOD_MATCH = YES;
				"CODE_SIGN_IDENTITY[sdk=iphoneos*]" = "iPhone Developer";
				COPY_PHASE_STRIP = NO;
				DEBUG_INFORMATION_FORMAT = "dwarf-with-dsym";
				ENABLE_NS_ASSERTIONS = NO;
				ENABLE_STRICT_OBJC_MSGSEND = YES;
				GCC_C_LANGUAGE_STANDARD = gnu99;
				GCC_NO_COMMON_BLOCKS = YES;
				GCC_WARN_64_TO_32_BIT_CONVERSION = YES;
				GCC_WARN_ABOUT_RETURN_TYPE = YES_ERROR;
				GCC_WARN_UNDECLARED_SELECTOR = YES;
				GCC_WARN_UNINITIALIZED_AUTOS = YES_AGGRESSIVE;
				GCC_WARN_UNUSED_FUNCTION = YES;
				GCC_WARN_UNUSED_VARIABLE = YES;
				IPHONEOS_DEPLOYMENT_TARGET = 9.2;
				MTL_ENABLE_DEBUG_INFO = NO;
				SDKROOT = iphoneos;
				TARGETED_DEVICE_FAMILY = "1,2";
				VALIDATE_PRODUCT = YES;
			};
			name = Release;
		};
		2886FB5C1C97A7B500742E16 /* Debug */ = {
			isa = XCBuildConfiguration;
			buildSettings = {
				ASSETCATALOG_COMPILER_APPICON_NAME = AppIcon;
				INFOPLIST_FILE = "My-Spotlt/Info.plist";
				LD_RUNPATH_SEARCH_PATHS = "$(inherited) @executable_path/Frameworks";
				PRODUCT_BUNDLE_IDENTIFIER = "PDA.My-Spotlt";
				PRODUCT_NAME = "$(TARGET_NAME)";
			};
			name = Debug;
		};
		2886FB5D1C97A7B500742E16 /* Release */ = {
			isa = XCBuildConfiguration;
			buildSettings = {
				ASSETCATALOG_COMPILER_APPICON_NAME = AppIcon;
				INFOPLIST_FILE = "My-Spotlt/Info.plist";
				LD_RUNPATH_SEARCH_PATHS = "$(inherited) @executable_path/Frameworks";
				PRODUCT_BUNDLE_IDENTIFIER = "PDA.My-Spotlt";
				PRODUCT_NAME = "$(TARGET_NAME)";
			};
			name = Release;
		};
/* End XCBuildConfiguration section */

/* Begin XCConfigurationList section */
		2886FB441C97A7B500742E16 /* Build configuration list for PBXProject "My-Spotlt" */ = {
			isa = XCConfigurationList;
			buildConfigurations = (
				2886FB591C97A7B500742E16 /* Debug */,
				2886FB5A1C97A7B500742E16 /* Release */,
			);
			defaultConfigurationIsVisible = 0;
			defaultConfigurationName = Release;
		};
		2886FB5B1C97A7B500742E16 /* Build configuration list for PBXNativeTarget "My-Spotlt" */ = {
			isa = XCConfigurationList;
			buildConfigurations = (
				2886FB5C1C97A7B500742E16 /* Debug */,
				2886FB5D1C97A7B500742E16 /* Release */,
			);
			defaultConfigurationIsVisible = 0;
			defaultConfigurationName = Release;
		};
/* End XCConfigurationList section */
	};
	rootObject = 2886FB411C97A7B400742E16 /* Project object */;
}
