// !$*UTF8*$!
{
	archiveVersion = 1;
	classes = {
	};
	objectVersion = 46;
	objects = {

/* Begin PBXBuildFile section */
		280DBD571C7AE7AC008D4D13 /* AppDelegate.swift in Sources */ = {isa = PBXBuildFile; fileRef = 280DBD561C7AE7AC008D4D13 /* AppDelegate.swift */; };
		280DBD591C7AE7AC008D4D13 /* ViewController.swift in Sources */ = {isa = PBXBuildFile; fileRef = 280DBD581C7AE7AC008D4D13 /* ViewController.swift */; };
		280DBD5C1C7AE7AC008D4D13 /* Main.storyboard in Resources */ = {isa = PBXBuildFile; fileRef = 280DBD5A1C7AE7AC008D4D13 /* Main.storyboard */; };
		280DBD5E1C7AE7AC008D4D13 /* Assets.xcassets in Resources */ = {isa = PBXBuildFile; fileRef = 280DBD5D1C7AE7AC008D4D13 /* Assets.xcassets */; };
		280DBD611C7AE7AC008D4D13 /* LaunchScreen.storyboard in Resources */ = {isa = PBXBuildFile; fileRef = 280DBD5F1C7AE7AC008D4D13 /* LaunchScreen.storyboard */; };
/* End PBXBuildFile section */

/* Begin PBXFileReference section */
		280DBD531C7AE7AC008D4D13 /* My-Where.app */ = {isa = PBXFileReference; explicitFileType = wrapper.application; includeInIndex = 0; path = "My-Where.app"; sourceTree = BUILT_PRODUCTS_DIR; };
		280DBD561C7AE7AC008D4D13 /* AppDelegate.swift */ = {isa = PBXFileReference; lastKnownFileType = sourcecode.swift; path = AppDelegate.swift; sourceTree = "<group>"; };
		280DBD581C7AE7AC008D4D13 /* ViewController.swift */ = {isa = PBXFileReference; lastKnownFileType = sourcecode.swift; path = ViewController.swift; sourceTree = "<group>"; };
		280DBD5B1C7AE7AC008D4D13 /* Base */ = {isa = PBXFileReference; lastKnownFileType = file.storyboard; name = Base; path = Base.lproj/Main.storyboard; sourceTree = "<group>"; };
		280DBD5D1C7AE7AC008D4D13 /* Assets.xcassets */ = {isa = PBXFileReference; lastKnownFileType = folder.assetcatalog; path = Assets.xcassets; sourceTree = "<group>"; };
		280DBD601C7AE7AC008D4D13 /* Base */ = {isa = PBXFileReference; lastKnownFileType = file.storyboard; name = Base; path = Base.lproj/LaunchScreen.storyboard; sourceTree = "<group>"; };
		280DBD621C7AE7AC008D4D13 /* Info.plist */ = {isa = PBXFileReference; lastKnownFileType = text.plist.xml; path = Info.plist; sourceTree = "<group>"; };
/* End PBXFileReference section */

/* Begin PBXFrameworksBuildPhase section */
		280DBD501C7AE7AC008D4D13 /* Frameworks */ = {
			isa = PBXFrameworksBuildPhase;
			buildActionMask = 2147483647;
			files = (
			);
			runOnlyForDeploymentPostprocessing = 0;
		};
/* End PBXFrameworksBuildPhase section */

/* Begin PBXGroup section */
		280DBD4A1C7AE7AC008D4D13 = {
			isa = PBXGroup;
			children = (
				280DBD551C7AE7AC008D4D13 /* My-Where */,
				280DBD541C7AE7AC008D4D13 /* Products */,
			);
			sourceTree = "<group>";
		};
		280DBD541C7AE7AC008D4D13 /* Products */ = {
			isa = PBXGroup;
			children = (
				280DBD531C7AE7AC008D4D13 /* My-Where.app */,
			);
			name = Products;
			sourceTree = "<group>";
		};
		280DBD551C7AE7AC008D4D13 /* My-Where */ = {
			isa = PBXGroup;
			children = (
				280DBD561C7AE7AC008D4D13 /* AppDelegate.swift */,
				280DBD581C7AE7AC008D4D13 /* ViewController.swift */,
				280DBD5A1C7AE7AC008D4D13 /* Main.storyboard */,
				280DBD5D1C7AE7AC008D4D13 /* Assets.xcassets */,
				280DBD5F1C7AE7AC008D4D13 /* LaunchScreen.storyboard */,
				280DBD621C7AE7AC008D4D13 /* Info.plist */,
			);
			path = "My-Where";
			sourceTree = "<group>";
		};
/* End PBXGroup section */

/* Begin PBXNativeTarget section */
		280DBD521C7AE7AC008D4D13 /* My-Where */ = {
			isa = PBXNativeTarget;
			buildConfigurationList = 280DBD651C7AE7AC008D4D13 /* Build configuration list for PBXNativeTarget "My-Where" */;
			buildPhases = (
				280DBD4F1C7AE7AC008D4D13 /* Sources */,
				280DBD501C7AE7AC008D4D13 /* Frameworks */,
				280DBD511C7AE7AC008D4D13 /* Resources */,
			);
			buildRules = (
			);
			dependencies = (
			);
			name = "My-Where";
			productName = "My-Where";
			productReference = 280DBD531C7AE7AC008D4D13 /* My-Where.app */;
			productType = "com.apple.product-type.application";
		};
/* End PBXNativeTarget section */

/* Begin PBXProject section */
		280DBD4B1C7AE7AC008D4D13 /* Project object */ = {
			isa = PBXProject;
			attributes = {
				LastSwiftUpdateCheck = 0720;
				LastUpgradeCheck = 0720;
				ORGANIZATIONNAME = v2panda;
				TargetAttributes = {
					280DBD521C7AE7AC008D4D13 = {
						CreatedOnToolsVersion = 7.2;
					};
				};
			};
			buildConfigurationList = 280DBD4E1C7AE7AC008D4D13 /* Build configuration list for PBXProject "My-Where" */;
			compatibilityVersion = "Xcode 3.2";
			developmentRegion = English;
			hasScannedForEncodings = 0;
			knownRegions = (
				en,
				Base,
			);
			mainGroup = 280DBD4A1C7AE7AC008D4D13;
			productRefGroup = 280DBD541C7AE7AC008D4D13 /* Products */;
			projectDirPath = "";
			projectRoot = "";
			targets = (
				280DBD521C7AE7AC008D4D13 /* My-Where */,
			);
		};
/* End PBXProject section */

/* Begin PBXResourcesBuildPhase section */
		280DBD511C7AE7AC008D4D13 /* Resources */ = {
			isa = PBXResourcesBuildPhase;
			buildActionMask = 2147483647;
			files = (
				280DBD611C7AE7AC008D4D13 /* LaunchScreen.storyboard in Resources */,
				280DBD5E1C7AE7AC008D4D13 /* Assets.xcassets in Resources */,
				280DBD5C1C7AE7AC008D4D13 /* Main.storyboard in Resources */,
			);
			runOnlyForDeploymentPostprocessing = 0;
		};
/* End PBXResourcesBuildPhase section */

/* Begin PBXSourcesBuildPhase section */
		280DBD4F1C7AE7AC008D4D13 /* Sources */ = {
			isa = PBXSourcesBuildPhase;
			buildActionMask = 2147483647;
			files = (
				280DBD591C7AE7AC008D4D13 /* ViewController.swift in Sources */,
				280DBD571C7AE7AC008D4D13 /* AppDelegate.swift in Sources */,
			);
			runOnlyForDeploymentPostprocessing = 0;
		};
/* End PBXSourcesBuildPhase section */

/* Begin PBXVariantGroup section */
		280DBD5A1C7AE7AC008D4D13 /* Main.storyboard */ = {
			isa = PBXVariantGroup;
			children = (
				280DBD5B1C7AE7AC008D4D13 /* Base */,
			);
			name = Main.storyboard;
			sourceTree = "<group>";
		};
		280DBD5F1C7AE7AC008D4D13 /* LaunchScreen.storyboard */ = {
			isa = PBXVariantGroup;
			children = (
				280DBD601C7AE7AC008D4D13 /* Base */,
			);
			name = LaunchScreen.storyboard;
			sourceTree = "<group>";
		};
/* End PBXVariantGroup section */

/* Begin XCBuildConfiguration section */
		280DBD631C7AE7AC008D4D13 /* Debug */ = {
			isa = XCBuildConfiguration;
			buildSettings = {
				ALWAYS_SEARCH_USER_PATHS = NO;
				CLANG_CXX_LANGUAGE_STANDARD = "gnu++0x";
				CLANG_CXX_LIBRARY = "libc++";
				CLANG_ENABLE_MODULES = YES;
				CLANG_ENABLE_OBJC_ARC = YES;
				CLANG_WARN_BOOL_CONVERSION = YES;
				CLANG_WARN_CONSTANT_CONVERSION = YES;
				CLANG_WARN_DIRECT_OBJC_ISA_USAGE = YES_ERROR;
				CLANG_WARN_EMPTY_BODY = YES;
				CLANG_WARN_ENUM_CONVERSION = YES;
				CLANG_WARN_INT_CONVERSION = YES;
				CLANG_WARN_OBJC_ROOT_CLASS = YES_ERROR;
				CLANG_WARN_UNREACHABLE_CODE = YES;
				CLANG_WARN__DUPLICATE_METHOD_MATCH = YES;
				"CODE_SIGN_IDENTITY[sdk=iphoneos*]" = "iPhone Developer";
				COPY_PHASE_STRIP = NO;
				DEBUG_INFORMATION_FORMAT = dwarf;
				ENABLE_STRICT_OBJC_MSGSEND = YES;
				ENABLE_TESTABILITY = YES;
				GCC_C_LANGUAGE_STANDARD = gnu99;
				GCC_DYNAMIC_NO_PIC = NO;
				GCC_NO_COMMON_BLOCKS = YES;
				GCC_OPTIMIZATION_LEVEL = 0;
				GCC_PREPROCESSOR_DEFINITIONS = (
					"DEBUG=1",
					"$(inherited)",
				);
				GCC_WARN_64_TO_32_BIT_CONVERSION = YES;
				GCC_WARN_ABOUT_RETURN_TYPE = YES_ERROR;
				GCC_WARN_UNDECLARED_SELECTOR = YES;
				GCC_WARN_UNINITIALIZED_AUTOS = YES_AGGRESSIVE;
				GCC_WARN_UNUSED_FUNCTION = YES;
				GCC_WARN_UNUSED_VARIABLE = YES;
				IPHONEOS_DEPLOYMENT_TARGET = 9.2;
				MTL_ENABLE_DEBUG_INFO = YES;
				ONLY_ACTIVE_ARCH = YES;
				SDKROOT = iphoneos;
				SWIFT_OPTIMIZATION_LEVEL = "-Onone";
				TARGETED_DEVICE_FAMILY = "1,2";
			};
			name = Debug;
		};
		280DBD641C7AE7AC008D4D13 /* Release */ = {
			isa = XCBuildConfiguration;
			buildSettings = {
				ALWAYS_SEARCH_USER_PATHS = NO;
				CLANG_CXX_LANGUAGE_STANDARD = "gnu++0x";
				CLANG_CXX_LIBRARY = "libc++";
				CLANG_ENABLE_MODULES = YES;
				CLANG_ENABLE_OBJC_ARC = YES;
				CLANG_WARN_BOOL_CONVERSION = YES;
				CLANG_WARN_CONSTANT_CONVERSION = YES;
				CLANG_WARN_DIRECT_OBJC_ISA_USAGE = YES_ERROR;
				CLANG_WARN_EMPTY_BODY = YES;
				CLANG_WARN_ENUM_CONVERSION = YES;
				CLANG_WARN_INT_CONVERSION = YES;
				CLANG_WARN_OBJC_ROOT_CLASS = YES_ERROR;
				CLANG_WARN_UNREACHABLE_CODE = YES;
				CLANG_WARN__DUPLICATE_METHOD_MATCH = YES;
				"CODE_SIGN_IDENTITY[sdk=iphoneos*]" = "iPhone Developer";
				COPY_PHASE_STRIP = NO;
				DEBUG_INFORMATION_FORMAT = "dwarf-with-dsym";
				ENABLE_NS_ASSERTIONS = NO;
				ENABLE_STRICT_OBJC_MSGSEND = YES;
				GCC_C_LANGUAGE_STANDARD = gnu99;
				GCC_NO_COMMON_BLOCKS = YES;
				GCC_WARN_64_TO_32_BIT_CONVERSION = YES;
				GCC_WARN_ABOUT_RETURN_TYPE = YES_ERROR;
				GCC_WARN_UNDECLARED_SELECTOR = YES;
				GCC_WARN_UNINITIALIZED_AUTOS = YES_AGGRESSIVE;
				GCC_WARN_UNUSED_FUNCTION = YES;
				GCC_WARN_UNUSED_VARIABLE = YES;
				IPHONEOS_DEPLOYMENT_TARGET = 9.2;
				MTL_ENABLE_DEBUG_INFO = NO;
				SDKROOT = iphoneos;
				TARGETED_DEVICE_FAMILY = "1,2";
				VALIDATE_PRODUCT = YES;
			};
			name = Release;
		};
		280DBD661C7AE7AC008D4D13 /* Debug */ = {
			isa = XCBuildConfiguration;
			buildSettings = {
				ASSETCATALOG_COMPILER_APPICON_NAME = AppIcon;
				INFOPLIST_FILE = "My-Where/Info.plist";
				LD_RUNPATH_SEARCH_PATHS = "$(inherited) @executable_path/Frameworks";
				PRODUCT_BUNDLE_IDENTIFIER = "PDA.My-Where";
				PRODUCT_NAME = "$(TARGET_NAME)";
			};
			name = Debug;
		};
		280DBD671C7AE7AC008D4D13 /* Release */ = {
			isa = XCBuildConfiguration;
			buildSettings = {
				ASSETCATALOG_COMPILER_APPICON_NAME = AppIcon;
				INFOPLIST_FILE = "My-Where/Info.plist";
				LD_RUNPATH_SEARCH_PATHS = "$(inherited) @executable_path/Frameworks";
				PRODUCT_BUNDLE_IDENTIFIER = "PDA.My-Where";
				PRODUCT_NAME = "$(TARGET_NAME)";
			};
			name = Release;
		};
/* End XCBuildConfiguration section */

/* Begin XCConfigurationList section */
		280DBD4E1C7AE7AC008D4D13 /* Build configuration list for PBXProject "My-Where" */ = {
			isa = XCConfigurationList;
			buildConfigurations = (
				280DBD631C7AE7AC008D4D13 /* Debug */,
				280DBD641C7AE7AC008D4D13 /* Release */,
			);
			defaultConfigurationIsVisible = 0;
			defaultConfigurationName = Release;
		};
		280DBD651C7AE7AC008D4D13 /* Build configuration list for PBXNativeTarget "My-Where" */ = {
			isa = XCConfigurationList;
			buildConfigurations = (
				280DBD661C7AE7AC008D4D13 /* Debug */,
				280DBD671C7AE7AC008D4D13 /* Release */,
			);
			defaultConfigurationIsVisible = 0;
		};
/* End XCConfigurationList section */
	};
	rootObject = 280DBD4B1C7AE7AC008D4D13 /* Project object */;
}
