// !$*UTF8*$!
{
	archiveVersion = 1;
	classes = {
	};
	objectVersion = 46;
	objects = {

/* Begin PBXBuildFile section */
		2863F97F1C7FE0370062140E /* AppDelegate.swift in Sources */ = {isa = PBXBuildFile; fileRef = 2863F97E1C7FE0370062140E /* AppDelegate.swift */; };
		2863F9811C7FE0370062140E /* ViewController.swift in Sources */ = {isa = PBXBuildFile; fileRef = 2863F9801C7FE0370062140E /* ViewController.swift */; };
		2863F9841C7FE0370062140E /* Main.storyboard in Resources */ = {isa = PBXBuildFile; fileRef = 2863F9821C7FE0370062140E /* Main.storyboard */; };
		2863F9861C7FE0370062140E /* Assets.xcassets in Resources */ = {isa = PBXBuildFile; fileRef = 2863F9851C7FE0370062140E /* Assets.xcassets */; };
		2863F9891C7FE0370062140E /* LaunchScreen.storyboard in Resources */ = {isa = PBXBuildFile; fileRef = 2863F9871C7FE0370062140E /* LaunchScreen.storyboard */; };
		2863F9911C7FE0C60062140E /* SecondTableViewController.swift in Sources */ = {isa = PBXBuildFile; fileRef = 2863F9901C7FE0C60062140E /* SecondTableViewController.swift */; };
		2863F9931C7FE0D70062140E /* FirstTableViewCell.swift in Sources */ = {isa = PBXBuildFile; fileRef = 2863F9921C7FE0D70062140E /* FirstTableViewCell.swift */; };
		2863F9951C7FE0DD0062140E /* SecondTableViewCell.swift in Sources */ = {isa = PBXBuildFile; fileRef = 2863F9941C7FE0DD0062140E /* SecondTableViewCell.swift */; };
/* End PBXBuildFile section */

/* Begin PBXFileReference section */
		2863F97B1C7FE0370062140E /* My-AnimateTableView.app */ = {isa = PBXFileReference; explicitFileType = wrapper.application; includeInIndex = 0; path = "My-AnimateTableView.app"; sourceTree = BUILT_PRODUCTS_DIR; };
		2863F97E1C7FE0370062140E /* AppDelegate.swift */ = {isa = PBXFileReference; lastKnownFileType = sourcecode.swift; path = AppDelegate.swift; sourceTree = "<group>"; };
		2863F9801C7FE0370062140E /* ViewController.swift */ = {isa = PBXFileReference; lastKnownFileType = sourcecode.swift; path = ViewController.swift; sourceTree = "<group>"; };
		2863F9831C7FE0370062140E /* Base */ = {isa = PBXFileReference; lastKnownFileType = file.storyboard; name = Base; path = Base.lproj/Main.storyboard; sourceTree = "<group>"; };
		2863F9851C7FE0370062140E /* Assets.xcassets */ = {isa = PBXFileReference; lastKnownFileType = folder.assetcatalog; path = Assets.xcassets; sourceTree = "<group>"; };
		2863F9881C7FE0370062140E /* Base */ = {isa = PBXFileReference; lastKnownFileType = file.storyboard; name = Base; path = Base.lproj/LaunchScreen.storyboard; sourceTree = "<group>"; };
		2863F98A1C7FE0370062140E /* Info.plist */ = {isa = PBXFileReference; lastKnownFileType = text.plist.xml; path = Info.plist; sourceTree = "<group>"; };
		2863F9901C7FE0C60062140E /* SecondTableViewController.swift */ = {isa = PBXFileReference; fileEncoding = 4; lastKnownFileType = sourcecode.swift; path = SecondTableViewController.swift; sourceTree = "<group>"; };
		2863F9921C7FE0D70062140E /* FirstTableViewCell.swift */ = {isa = PBXFileReference; fileEncoding = 4; lastKnownFileType = sourcecode.swift; path = FirstTableViewCell.swift; sourceTree = "<group>"; };
		2863F9941C7FE0DD0062140E /* SecondTableViewCell.swift */ = {isa = PBXFileReference; fileEncoding = 4; lastKnownFileType = sourcecode.swift; path = SecondTableViewCell.swift; sourceTree = "<group>"; };
/* End PBXFileReference section */

/* Begin PBXFrameworksBuildPhase section */
		2863F9781C7FE0370062140E /* Frameworks */ = {
			isa = PBXFrameworksBuildPhase;
			buildActionMask = 2147483647;
			files = (
			);
			runOnlyForDeploymentPostprocessing = 0;
		};
/* End PBXFrameworksBuildPhase section */

/* Begin PBXGroup section */
		2863F9721C7FE0360062140E = {
			isa = PBXGroup;
			children = (
				2863F97D1C7FE0370062140E /* My-AnimateTableView */,
				2863F97C1C7FE0370062140E /* Products */,
			);
			sourceTree = "<group>";
		};
		2863F97C1C7FE0370062140E /* Products */ = {
			isa = PBXGroup;
			children = (
				2863F97B1C7FE0370062140E /* My-AnimateTableView.app */,
			);
			name = Products;
			sourceTree = "<group>";
		};
		2863F97D1C7FE0370062140E /* My-AnimateTableView */ = {
			isa = PBXGroup;
			children = (
				2863F97E1C7FE0370062140E /* AppDelegate.swift */,
				2863F9801C7FE0370062140E /* ViewController.swift */,
				2863F9901C7FE0C60062140E /* SecondTableViewController.swift */,
				2863F9921C7FE0D70062140E /* FirstTableViewCell.swift */,
				2863F9941C7FE0DD0062140E /* SecondTableViewCell.swift */,
				2863F9821C7FE0370062140E /* Main.storyboard */,
				2863F9851C7FE0370062140E /* Assets.xcassets */,
				2863F9871C7FE0370062140E /* LaunchScreen.storyboard */,
				2863F98A1C7FE0370062140E /* Info.plist */,
			);
			path = "My-AnimateTableView";
			sourceTree = "<group>";
		};
/* End PBXGroup section */

/* Begin PBXNativeTarget section */
		2863F97A1C7FE0370062140E /* My-AnimateTableView */ = {
			isa = PBXNativeTarget;
			buildConfigurationList = 2863F98D1C7FE0370062140E /* Build configuration list for PBXNativeTarget "My-AnimateTableView" */;
			buildPhases = (
				2863F9771C7FE0370062140E /* Sources */,
				2863F9781C7FE0370062140E /* Frameworks */,
				2863F9791C7FE0370062140E /* Resources */,
			);
			buildRules = (
			);
			dependencies = (
			);
			name = "My-AnimateTableView";
			productName = "My-AnimateTableView";
			productReference = 2863F97B1C7FE0370062140E /* My-AnimateTableView.app */;
			productType = "com.apple.product-type.application";
		};
/* End PBXNativeTarget section */

/* Begin PBXProject section */
		2863F9731C7FE0360062140E /* Project object */ = {
			isa = PBXProject;
			attributes = {
				LastSwiftUpdateCheck = 0720;
				LastUpgradeCheck = 0720;
				ORGANIZATIONNAME = v2panda;
				TargetAttributes = {
					2863F97A1C7FE0370062140E = {
						CreatedOnToolsVersion = 7.2;
					};
				};
			};
			buildConfigurationList = 2863F9761C7FE0360062140E /* Build configuration list for PBXProject "My-AnimateTableView" */;
			compatibilityVersion = "Xcode 3.2";
			developmentRegion = English;
			hasScannedForEncodings = 0;
			knownRegions = (
				en,
				Base,
			);
			mainGroup = 2863F9721C7FE0360062140E;
			productRefGroup = 2863F97C1C7FE0370062140E /* Products */;
			projectDirPath = "";
			projectRoot = "";
			targets = (
				2863F97A1C7FE0370062140E /* My-AnimateTableView */,
			);
		};
/* End PBXProject section */

/* Begin PBXResourcesBuildPhase section */
		2863F9791C7FE0370062140E /* Resources */ = {
			isa = PBXResourcesBuildPhase;
			buildActionMask = 2147483647;
			files = (
				2863F9891C7FE0370062140E /* LaunchScreen.storyboard in Resources */,
				2863F9861C7FE0370062140E /* Assets.xcassets in Resources */,
				2863F9841C7FE0370062140E /* Main.storyboard in Resources */,
			);
			runOnlyForDeploymentPostprocessing = 0;
		};
/* End PBXResourcesBuildPhase section */

/* Begin PBXSourcesBuildPhase section */
		2863F9771C7FE0370062140E /* Sources */ = {
			isa = PBXSourcesBuildPhase;
			buildActionMask = 2147483647;
			files = (
				2863F9811C7FE0370062140E /* ViewController.swift in Sources */,
				2863F9951C7FE0DD0062140E /* SecondTableViewCell.swift in Sources */,
				2863F9911C7FE0C60062140E /* SecondTableViewController.swift in Sources */,
				2863F9931C7FE0D70062140E /* FirstTableViewCell.swift in Sources */,
				2863F97F1C7FE0370062140E /* AppDelegate.swift in Sources */,
			);
			runOnlyForDeploymentPostprocessing = 0;
		};
/* End PBXSourcesBuildPhase section */

/* Begin PBXVariantGroup section */
		2863F9821C7FE0370062140E /* Main.storyboard */ = {
			isa = PBXVariantGroup;
			children = (
				2863F9831C7FE0370062140E /* Base */,
			);
			name = Main.storyboard;
			sourceTree = "<group>";
		};
		2863F9871C7FE0370062140E /* LaunchScreen.storyboard */ = {
			isa = PBXVariantGroup;
			children = (
				2863F9881C7FE0370062140E /* Base */,
			);
			name = LaunchScreen.storyboard;
			sourceTree = "<group>";
		};
/* End PBXVariantGroup section */

/* Begin XCBuildConfiguration section */
		2863F98B1C7FE0370062140E /* Debug */ = {
			isa = XCBuildConfiguration;
			buildSettings = {
				ALWAYS_SEARCH_USER_PATHS = NO;
				CLANG_CXX_LANGUAGE_STANDARD = "gnu++0x";
				CLANG_CXX_LIBRARY = "libc++";
				CLANG_ENABLE_MODULES = YES;
				CLANG_ENABLE_OBJC_ARC = YES;
				CLANG_WARN_BOOL_CONVERSION = YES;
				CLANG_WARN_CONSTANT_CONVERSION = YES;
				CLANG_WARN_DIRECT_OBJC_ISA_USAGE = YES_ERROR;
				CLANG_WARN_EMPTY_BODY = YES;
				CLANG_WARN_ENUM_CONVERSION = YES;
				CLANG_WARN_INT_CONVERSION = YES;
				CLANG_WARN_OBJC_ROOT_CLASS = YES_ERROR;
				CLANG_WARN_UNREACHABLE_CODE = YES;
				CLANG_WARN__DUPLICATE_METHOD_MATCH = YES;
				"CODE_SIGN_IDENTITY[sdk=iphoneos*]" = "iPhone Developer";
				COPY_PHASE_STRIP = NO;
				DEBUG_INFORMATION_FORMAT = dwarf;
				ENABLE_STRICT_OBJC_MSGSEND = YES;
				ENABLE_TESTABILITY = YES;
				GCC_C_LANGUAGE_STANDARD = gnu99;
				GCC_DYNAMIC_NO_PIC = NO;
				GCC_NO_COMMON_BLOCKS = YES;
				GCC_OPTIMIZATION_LEVEL = 0;
				GCC_PREPROCESSOR_DEFINITIONS = (
					"DEBUG=1",
					"$(inherited)",
				);
				GCC_WARN_64_TO_32_BIT_CONVERSION = YES;
				GCC_WARN_ABOUT_RETURN_TYPE = YES_ERROR;
				GCC_WARN_UNDECLARED_SELECTOR = YES;
				GCC_WARN_UNINITIALIZED_AUTOS = YES_AGGRESSIVE;
				GCC_WARN_UNUSED_FUNCTION = YES;
				GCC_WARN_UNUSED_VARIABLE = YES;
				IPHONEOS_DEPLOYMENT_TARGET = 9.2;
				MTL_ENABLE_DEBUG_INFO = YES;
				ONLY_ACTIVE_ARCH = YES;
				SDKROOT = iphoneos;
				SWIFT_OPTIMIZATION_LEVEL = "-Onone";
				TARGETED_DEVICE_FAMILY = "1,2";
			};
			name = Debug;
		};
		2863F98C1C7FE0370062140E /* Release */ = {
			isa = XCBuildConfiguration;
			buildSettings = {
				ALWAYS_SEARCH_USER_PATHS = NO;
				CLANG_CXX_LANGUAGE_STANDARD = "gnu++0x";
				CLANG_CXX_LIBRARY = "libc++";
				CLANG_ENABLE_MODULES = YES;
				CLANG_ENABLE_OBJC_ARC = YES;
				CLANG_WARN_BOOL_CONVERSION = YES;
				CLANG_WARN_CONSTANT_CONVERSION = YES;
				CLANG_WARN_DIRECT_OBJC_ISA_USAGE = YES_ERROR;
				CLANG_WARN_EMPTY_BODY = YES;
				CLANG_WARN_ENUM_CONVERSION = YES;
				CLANG_WARN_INT_CONVERSION = YES;
				CLANG_WARN_OBJC_ROOT_CLASS = YES_ERROR;
				CLANG_WARN_UNREACHABLE_CODE = YES;
				CLANG_WARN__DUPLICATE_METHOD_MATCH = YES;
				"CODE_SIGN_IDENTITY[sdk=iphoneos*]" = "iPhone Developer";
				COPY_PHASE_STRIP = NO;
				DEBUG_INFORMATION_FORMAT = "dwarf-with-dsym";
				ENABLE_NS_ASSERTIONS = NO;
				ENABLE_STRICT_OBJC_MSGSEND = YES;
				GCC_C_LANGUAGE_STANDARD = gnu99;
				GCC_NO_COMMON_BLOCKS = YES;
				GCC_WARN_64_TO_32_BIT_CONVERSION = YES;
				GCC_WARN_ABOUT_RETURN_TYPE = YES_ERROR;
				GCC_WARN_UNDECLARED_SELECTOR = YES;
				GCC_WARN_UNINITIALIZED_AUTOS = YES_AGGRESSIVE;
				GCC_WARN_UNUSED_FUNCTION = YES;
				GCC_WARN_UNUSED_VARIABLE = YES;
				IPHONEOS_DEPLOYMENT_TARGET = 9.2;
				MTL_ENABLE_DEBUG_INFO = NO;
				SDKROOT = iphoneos;
				TARGETED_DEVICE_FAMILY = "1,2";
				VALIDATE_PRODUCT = YES;
			};
			name = Release;
		};
		2863F98E1C7FE0370062140E /* Debug */ = {
			isa = XCBuildConfiguration;
			buildSettings = {
				ASSETCATALOG_COMPILER_APPICON_NAME = AppIcon;
				INFOPLIST_FILE = "My-AnimateTableView/Info.plist";
				LD_RUNPATH_SEARCH_PATHS = "$(inherited) @executable_path/Frameworks";
				PRODUCT_BUNDLE_IDENTIFIER = "PDA.My-AnimateTableView";
				PRODUCT_NAME = "$(TARGET_NAME)";
			};
			name = Debug;
		};
		2863F98F1C7FE0370062140E /* Release */ = {
			isa = XCBuildConfiguration;
			buildSettings = {
				ASSETCATALOG_COMPILER_APPICON_NAME = AppIcon;
				INFOPLIST_FILE = "My-AnimateTableView/Info.plist";
				LD_RUNPATH_SEARCH_PATHS = "$(inherited) @executable_path/Frameworks";
				PRODUCT_BUNDLE_IDENTIFIER = "PDA.My-AnimateTableView";
				PRODUCT_NAME = "$(TARGET_NAME)";
			};
			name = Release;
		};
/* End XCBuildConfiguration section */

/* Begin XCConfigurationList section */
		2863F9761C7FE0360062140E /* Build configuration list for PBXProject "My-AnimateTableView" */ = {
			isa = XCConfigurationList;
			buildConfigurations = (
				2863F98B1C7FE0370062140E /* Debug */,
				2863F98C1C7FE0370062140E /* Release */,
			);
			defaultConfigurationIsVisible = 0;
			defaultConfigurationName = Release;
		};
		2863F98D1C7FE0370062140E /* Build configuration list for PBXNativeTarget "My-AnimateTableView" */ = {
			isa = XCConfigurationList;
			buildConfigurations = (
				2863F98E1C7FE0370062140E /* Debug */,
				2863F98F1C7FE0370062140E /* Release */,
			);
			defaultConfigurationIsVisible = 0;
		};
/* End XCConfigurationList section */
	};
	rootObject = 2863F9731C7FE0360062140E /* Project object */;
}
