// !$*UTF8*$!
{
	archiveVersion = 1;
	classes = {
	};
	objectVersion = 46;
	objects = {

/* Begin PBXBuildFile section */
		28721C071CA285A600D37B76 /* AppDelegate.swift in Sources */ = {isa = PBXBuildFile; fileRef = 28721C061CA285A600D37B76 /* AppDelegate.swift */; };
		28721C091CA285A600D37B76 /* ViewController.swift in Sources */ = {isa = PBXBuildFile; fileRef = 28721C081CA285A600D37B76 /* ViewController.swift */; };
		28721C0C1CA285A600D37B76 /* Main.storyboard in Resources */ = {isa = PBXBuildFile; fileRef = 28721C0A1CA285A600D37B76 /* Main.storyboard */; };
		28721C0E1CA285A600D37B76 /* Assets.xcassets in Resources */ = {isa = PBXBuildFile; fileRef = 28721C0D1CA285A600D37B76 /* Assets.xcassets */; };
		28721C111CA285A600D37B76 /* LaunchScreen.storyboard in Resources */ = {isa = PBXBuildFile; fileRef = 28721C0F1CA285A600D37B76 /* LaunchScreen.storyboard */; };
		28721C241CA285D000D37B76 /* AnimationController.swift in Sources */ = {isa = PBXBuildFile; fileRef = 28721C191CA285D000D37B76 /* AnimationController.swift */; };
		28721C251CA285D000D37B76 /* ImageAction.swift in Sources */ = {isa = PBXBuildFile; fileRef = 28721C1A1CA285D000D37B76 /* ImageAction.swift */; };
		28721C261CA285D000D37B76 /* ImageCollectionViewCell.swift in Sources */ = {isa = PBXBuildFile; fileRef = 28721C1B1CA285D000D37B76 /* ImageCollectionViewCell.swift */; };
		28721C271CA285D000D37B76 /* ImagePickerCollectionView.swift in Sources */ = {isa = PBXBuildFile; fileRef = 28721C1C1CA285D000D37B76 /* ImagePickerCollectionView.swift */; };
		28721C281CA285D000D37B76 /* ImagePickerSheetController.swift in Sources */ = {isa = PBXBuildFile; fileRef = 28721C1E1CA285D000D37B76 /* ImagePickerSheetController.swift */; };
		28721C291CA285D000D37B76 /* ImagePreviewFlowLayout.swift in Sources */ = {isa = PBXBuildFile; fileRef = 28721C1F1CA285D000D37B76 /* ImagePreviewFlowLayout.swift */; };
		28721C2A1CA285D000D37B76 /* ImagePreviewTableViewCell.swift in Sources */ = {isa = PBXBuildFile; fileRef = 28721C201CA285D000D37B76 /* ImagePreviewTableViewCell.swift */; };
		28721C2B1CA285D000D37B76 /* Images.xcassets in Resources */ = {isa = PBXBuildFile; fileRef = 28721C211CA285D000D37B76 /* Images.xcassets */; };
		28721C2C1CA285D000D37B76 /* Info.plist in Resources */ = {isa = PBXBuildFile; fileRef = 28721C221CA285D000D37B76 /* Info.plist */; };
		28721C2D1CA285D000D37B76 /* PreviewSupplementaryView.swift in Sources */ = {isa = PBXBuildFile; fileRef = 28721C231CA285D000D37B76 /* PreviewSupplementaryView.swift */; };
/* End PBXBuildFile section */

/* Begin PBXFileReference section */
		28721C031CA285A500D37B76 /* My-ImagePickerSheetController.app */ = {isa = PBXFileReference; explicitFileType = wrapper.application; includeInIndex = 0; path = "My-ImagePickerSheetController.app"; sourceTree = BUILT_PRODUCTS_DIR; };
		28721C061CA285A600D37B76 /* AppDelegate.swift */ = {isa = PBXFileReference; lastKnownFileType = sourcecode.swift; path = AppDelegate.swift; sourceTree = "<group>"; };
		28721C081CA285A600D37B76 /* ViewController.swift */ = {isa = PBXFileReference; lastKnownFileType = sourcecode.swift; path = ViewController.swift; sourceTree = "<group>"; };
		28721C0B1CA285A600D37B76 /* Base */ = {isa = PBXFileReference; lastKnownFileType = file.storyboard; name = Base; path = Base.lproj/Main.storyboard; sourceTree = "<group>"; };
		28721C0D1CA285A600D37B76 /* Assets.xcassets */ = {isa = PBXFileReference; lastKnownFileType = folder.assetcatalog; path = Assets.xcassets; sourceTree = "<group>"; };
		28721C101CA285A600D37B76 /* Base */ = {isa = PBXFileReference; lastKnownFileType = file.storyboard; name = Base; path = Base.lproj/LaunchScreen.storyboard; sourceTree = "<group>"; };
		28721C121CA285A600D37B76 /* Info.plist */ = {isa = PBXFileReference; lastKnownFileType = text.plist.xml; path = Info.plist; sourceTree = "<group>"; };
		28721C191CA285D000D37B76 /* AnimationController.swift */ = {isa = PBXFileReference; fileEncoding = 4; lastKnownFileType = sourcecode.swift; path = AnimationController.swift; sourceTree = "<group>"; };
		28721C1A1CA285D000D37B76 /* ImageAction.swift */ = {isa = PBXFileReference; fileEncoding = 4; lastKnownFileType = sourcecode.swift; path = ImageAction.swift; sourceTree = "<group>"; };
		28721C1B1CA285D000D37B76 /* ImageCollectionViewCell.swift */ = {isa = PBXFileReference; fileEncoding = 4; lastKnownFileType = sourcecode.swift; path = ImageCollectionViewCell.swift; sourceTree = "<group>"; };
		28721C1C1CA285D000D37B76 /* ImagePickerCollectionView.swift */ = {isa = PBXFileReference; fileEncoding = 4; lastKnownFileType = sourcecode.swift; path = ImagePickerCollectionView.swift; sourceTree = "<group>"; };
		28721C1D1CA285D000D37B76 /* ImagePickerSheetController.h */ = {isa = PBXFileReference; fileEncoding = 4; lastKnownFileType = sourcecode.c.h; path = ImagePickerSheetController.h; sourceTree = "<group>"; };
		28721C1E1CA285D000D37B76 /* ImagePickerSheetController.swift */ = {isa = PBXFileReference; fileEncoding = 4; lastKnownFileType = sourcecode.swift; path = ImagePickerSheetController.swift; sourceTree = "<group>"; };
		28721C1F1CA285D000D37B76 /* ImagePreviewFlowLayout.swift */ = {isa = PBXFileReference; fileEncoding = 4; lastKnownFileType = sourcecode.swift; path = ImagePreviewFlowLayout.swift; sourceTree = "<group>"; };
		28721C201CA285D000D37B76 /* ImagePreviewTableViewCell.swift */ = {isa = PBXFileReference; fileEncoding = 4; lastKnownFileType = sourcecode.swift; path = ImagePreviewTableViewCell.swift; sourceTree = "<group>"; };
		28721C211CA285D000D37B76 /* Images.xcassets */ = {isa = PBXFileReference; lastKnownFileType = folder.assetcatalog; path = Images.xcassets; sourceTree = "<group>"; };
		28721C221CA285D000D37B76 /* Info.plist */ = {isa = PBXFileReference; fileEncoding = 4; lastKnownFileType = text.plist.xml; path = Info.plist; sourceTree = "<group>"; };
		28721C231CA285D000D37B76 /* PreviewSupplementaryView.swift */ = {isa = PBXFileReference; fileEncoding = 4; lastKnownFileType = sourcecode.swift; path = PreviewSupplementaryView.swift; sourceTree = "<group>"; };
/* End PBXFileReference section */

/* Begin PBXFrameworksBuildPhase section */
		28721C001CA285A500D37B76 /* Frameworks */ = {
			isa = PBXFrameworksBuildPhase;
			buildActionMask = 2147483647;
			files = (
			);
			runOnlyForDeploymentPostprocessing = 0;
		};
/* End PBXFrameworksBuildPhase section */

/* Begin PBXGroup section */
		28721BFA1CA285A500D37B76 = {
			isa = PBXGroup;
			children = (
				28721C051CA285A600D37B76 /* My-ImagePickerSheetController */,
				28721C041CA285A500D37B76 /* Products */,
			);
			sourceTree = "<group>";
		};
		28721C041CA285A500D37B76 /* Products */ = {
			isa = PBXGroup;
			children = (
				28721C031CA285A500D37B76 /* My-ImagePickerSheetController.app */,
			);
			name = Products;
			sourceTree = "<group>";
		};
		28721C051CA285A600D37B76 /* My-ImagePickerSheetController */ = {
			isa = PBXGroup;
			children = (
				28721C061CA285A600D37B76 /* AppDelegate.swift */,
				28721C081CA285A600D37B76 /* ViewController.swift */,
				28721C0A1CA285A600D37B76 /* Main.storyboard */,
				28721C181CA285D000D37B76 /* ImagePickerSheet */,
				28721C0D1CA285A600D37B76 /* Assets.xcassets */,
				28721C0F1CA285A600D37B76 /* LaunchScreen.storyboard */,
				28721C121CA285A600D37B76 /* Info.plist */,
			);
			path = "My-ImagePickerSheetController";
			sourceTree = "<group>";
		};
		28721C181CA285D000D37B76 /* ImagePickerSheet */ = {
			isa = PBXGroup;
			children = (
				28721C191CA285D000D37B76 /* AnimationController.swift */,
				28721C1A1CA285D000D37B76 /* ImageAction.swift */,
				28721C1B1CA285D000D37B76 /* ImageCollectionViewCell.swift */,
				28721C1C1CA285D000D37B76 /* ImagePickerCollectionView.swift */,
				28721C1D1CA285D000D37B76 /* ImagePickerSheetController.h */,
				28721C1E1CA285D000D37B76 /* ImagePickerSheetController.swift */,
				28721C1F1CA285D000D37B76 /* ImagePreviewFlowLayout.swift */,
				28721C201CA285D000D37B76 /* ImagePreviewTableViewCell.swift */,
				28721C211CA285D000D37B76 /* Images.xcassets */,
				28721C221CA285D000D37B76 /* Info.plist */,
				28721C231CA285D000D37B76 /* PreviewSupplementaryView.swift */,
			);
			path = ImagePickerSheet;
			sourceTree = "<group>";
		};
/* End PBXGroup section */

/* Begin PBXNativeTarget section */
		28721C021CA285A500D37B76 /* My-ImagePickerSheetController */ = {
			isa = PBXNativeTarget;
			buildConfigurationList = 28721C151CA285A600D37B76 /* Build configuration list for PBXNativeTarget "My-ImagePickerSheetController" */;
			buildPhases = (
				28721BFF1CA285A500D37B76 /* Sources */,
				28721C001CA285A500D37B76 /* Frameworks */,
				28721C011CA285A500D37B76 /* Resources */,
			);
			buildRules = (
			);
			dependencies = (
			);
			name = "My-ImagePickerSheetController";
			productName = "My-ImagePickerSheetController";
			productReference = 28721C031CA285A500D37B76 /* My-ImagePickerSheetController.app */;
			productType = "com.apple.product-type.application";
		};
/* End PBXNativeTarget section */

/* Begin PBXProject section */
		28721BFB1CA285A500D37B76 /* Project object */ = {
			isa = PBXProject;
			attributes = {
				LastSwiftUpdateCheck = 0730;
				LastUpgradeCheck = 0730;
				ORGANIZATIONNAME = v2panda;
				TargetAttributes = {
					28721C021CA285A500D37B76 = {
						CreatedOnToolsVersion = 7.3;
					};
				};
			};
			buildConfigurationList = 28721BFE1CA285A500D37B76 /* Build configuration list for PBXProject "My-ImagePickerSheetController" */;
			compatibilityVersion = "Xcode 3.2";
			developmentRegion = English;
			hasScannedForEncodings = 0;
			knownRegions = (
				en,
				Base,
			);
			mainGroup = 28721BFA1CA285A500D37B76;
			productRefGroup = 28721C041CA285A500D37B76 /* Products */;
			projectDirPath = "";
			projectRoot = "";
			targets = (
				28721C021CA285A500D37B76 /* My-ImagePickerSheetController */,
			);
		};
/* End PBXProject section */

/* Begin PBXResourcesBuildPhase section */
		28721C011CA285A500D37B76 /* Resources */ = {
			isa = PBXResourcesBuildPhase;
			buildActionMask = 2147483647;
			files = (
				28721C111CA285A600D37B76 /* LaunchScreen.storyboard in Resources */,
				28721C2B1CA285D000D37B76 /* Images.xcassets in Resources */,
				28721C0E1CA285A600D37B76 /* Assets.xcassets in Resources */,
				28721C2C1CA285D000D37B76 /* Info.plist in Resources */,
				28721C0C1CA285A600D37B76 /* Main.storyboard in Resources */,
			);
			runOnlyForDeploymentPostprocessing = 0;
		};
/* End PBXResourcesBuildPhase section */

/* Begin PBXSourcesBuildPhase section */
		28721BFF1CA285A500D37B76 /* Sources */ = {
			isa = PBXSourcesBuildPhase;
			buildActionMask = 2147483647;
			files = (
				28721C241CA285D000D37B76 /* AnimationController.swift in Sources */,
				28721C2D1CA285D000D37B76 /* PreviewSupplementaryView.swift in Sources */,
				28721C261CA285D000D37B76 /* ImageCollectionViewCell.swift in Sources */,
				28721C291CA285D000D37B76 /* ImagePreviewFlowLayout.swift in Sources */,
				28721C2A1CA285D000D37B76 /* ImagePreviewTableViewCell.swift in Sources */,
				28721C271CA285D000D37B76 /* ImagePickerCollectionView.swift in Sources */,
				28721C251CA285D000D37B76 /* ImageAction.swift in Sources */,
				28721C281CA285D000D37B76 /* ImagePickerSheetController.swift in Sources */,
				28721C091CA285A600D37B76 /* ViewController.swift in Sources */,
				28721C071CA285A600D37B76 /* AppDelegate.swift in Sources */,
			);
			runOnlyForDeploymentPostprocessing = 0;
		};
/* End PBXSourcesBuildPhase section */

/* Begin PBXVariantGroup section */
		28721C0A1CA285A600D37B76 /* Main.storyboard */ = {
			isa = PBXVariantGroup;
			children = (
				28721C0B1CA285A600D37B76 /* Base */,
			);
			name = Main.storyboard;
			sourceTree = "<group>";
		};
		28721C0F1CA285A600D37B76 /* LaunchScreen.storyboard */ = {
			isa = PBXVariantGroup;
			children = (
				28721C101CA285A600D37B76 /* Base */,
			);
			name = LaunchScreen.storyboard;
			sourceTree = "<group>";
		};
/* End PBXVariantGroup section */

/* Begin XCBuildConfiguration section */
		28721C131CA285A600D37B76 /* Debug */ = {
			isa = XCBuildConfiguration;
			buildSettings = {
				ALWAYS_SEARCH_USER_PATHS = NO;
				CLANG_ANALYZER_NONNULL = YES;
				CLANG_CXX_LANGUAGE_STANDARD = "gnu++0x";
				CLANG_CXX_LIBRARY = "libc++";
				CLANG_ENABLE_MODULES = YES;
				CLANG_ENABLE_OBJC_ARC = YES;
				CLANG_WARN_BOOL_CONVERSION = YES;
				CLANG_WARN_CONSTANT_CONVERSION = YES;
				CLANG_WARN_DIRECT_OBJC_ISA_USAGE = YES_ERROR;
				CLANG_WARN_EMPTY_BODY = YES;
				CLANG_WARN_ENUM_CONVERSION = YES;
				CLANG_WARN_INT_CONVERSION = YES;
				CLANG_WARN_OBJC_ROOT_CLASS = YES_ERROR;
				CLANG_WARN_UNREACHABLE_CODE = YES;
				CLANG_WARN__DUPLICATE_METHOD_MATCH = YES;
				"CODE_SIGN_IDENTITY[sdk=iphoneos*]" = "iPhone Developer";
				COPY_PHASE_STRIP = NO;
				DEBUG_INFORMATION_FORMAT = dwarf;
				ENABLE_STRICT_OBJC_MSGSEND = YES;
				ENABLE_TESTABILITY = YES;
				GCC_C_LANGUAGE_STANDARD = gnu99;
				GCC_DYNAMIC_NO_PIC = NO;
				GCC_NO_COMMON_BLOCKS = YES;
				GCC_OPTIMIZATION_LEVEL = 0;
				GCC_PREPROCESSOR_DEFINITIONS = (
					"DEBUG=1",
					"$(inherited)",
				);
				GCC_WARN_64_TO_32_BIT_CONVERSION = YES;
				GCC_WARN_ABOUT_RETURN_TYPE = YES_ERROR;
				GCC_WARN_UNDECLARED_SELECTOR = YES;
				GCC_WARN_UNINITIALIZED_AUTOS = YES_AGGRESSIVE;
				GCC_WARN_UNUSED_FUNCTION = YES;
				GCC_WARN_UNUSED_VARIABLE = YES;
				IPHONEOS_DEPLOYMENT_TARGET = 9.3;
				MTL_ENABLE_DEBUG_INFO = YES;
				ONLY_ACTIVE_ARCH = YES;
				SDKROOT = iphoneos;
				SWIFT_OPTIMIZATION_LEVEL = "-Onone";
				TARGETED_DEVICE_FAMILY = "1,2";
			};
			name = Debug;
		};
		28721C141CA285A600D37B76 /* Release */ = {
			isa = XCBuildConfiguration;
			buildSettings = {
				ALWAYS_SEARCH_USER_PATHS = NO;
				CLANG_ANALYZER_NONNULL = YES;
				CLANG_CXX_LANGUAGE_STANDARD = "gnu++0x";
				CLANG_CXX_LIBRARY = "libc++";
				CLANG_ENABLE_MODULES = YES;
				CLANG_ENABLE_OBJC_ARC = YES;
				CLANG_WARN_BOOL_CONVERSION = YES;
				CLANG_WARN_CONSTANT_CONVERSION = YES;
				CLANG_WARN_DIRECT_OBJC_ISA_USAGE = YES_ERROR;
				CLANG_WARN_EMPTY_BODY = YES;
				CLANG_WARN_ENUM_CONVERSION = YES;
				CLANG_WARN_INT_CONVERSION = YES;
				CLANG_WARN_OBJC_ROOT_CLASS = YES_ERROR;
				CLANG_WARN_UNREACHABLE_CODE = YES;
				CLANG_WARN__DUPLICATE_METHOD_MATCH = YES;
				"CODE_SIGN_IDENTITY[sdk=iphoneos*]" = "iPhone Developer";
				COPY_PHASE_STRIP = NO;
				DEBUG_INFORMATION_FORMAT = "dwarf-with-dsym";
				ENABLE_NS_ASSERTIONS = NO;
				ENABLE_STRICT_OBJC_MSGSEND = YES;
				GCC_C_LANGUAGE_STANDARD = gnu99;
				GCC_NO_COMMON_BLOCKS = YES;
				GCC_WARN_64_TO_32_BIT_CONVERSION = YES;
				GCC_WARN_ABOUT_RETURN_TYPE = YES_ERROR;
				GCC_WARN_UNDECLARED_SELECTOR = YES;
				GCC_WARN_UNINITIALIZED_AUTOS = YES_AGGRESSIVE;
				GCC_WARN_UNUSED_FUNCTION = YES;
				GCC_WARN_UNUSED_VARIABLE = YES;
				IPHONEOS_DEPLOYMENT_TARGET = 9.3;
				MTL_ENABLE_DEBUG_INFO = NO;
				SDKROOT = iphoneos;
				TARGETED_DEVICE_FAMILY = "1,2";
				VALIDATE_PRODUCT = YES;
			};
			name = Release;
		};
		28721C161CA285A600D37B76 /* Debug */ = {
			isa = XCBuildConfiguration;
			buildSettings = {
				ASSETCATALOG_COMPILER_APPICON_NAME = AppIcon;
				INFOPLIST_FILE = "My-ImagePickerSheetController/Info.plist";
				LD_RUNPATH_SEARCH_PATHS = "$(inherited) @executable_path/Frameworks";
				PRODUCT_BUNDLE_IDENTIFIER = "PDA.My-ImagePickerSheetController";
				PRODUCT_NAME = "$(TARGET_NAME)";
			};
			name = Debug;
		};
		28721C171CA285A600D37B76 /* Release */ = {
			isa = XCBuildConfiguration;
			buildSettings = {
				ASSETCATALOG_COMPILER_APPICON_NAME = AppIcon;
				INFOPLIST_FILE = "My-ImagePickerSheetController/Info.plist";
				LD_RUNPATH_SEARCH_PATHS = "$(inherited) @executable_path/Frameworks";
				PRODUCT_BUNDLE_IDENTIFIER = "PDA.My-ImagePickerSheetController";
				PRODUCT_NAME = "$(TARGET_NAME)";
			};
			name = Release;
		};
/* End XCBuildConfiguration section */

/* Begin XCConfigurationList section */
		28721BFE1CA285A500D37B76 /* Build configuration list for PBXProject "My-ImagePickerSheetController" */ = {
			isa = XCConfigurationList;
			buildConfigurations = (
				28721C131CA285A600D37B76 /* Debug */,
				28721C141CA285A600D37B76 /* Release */,
			);
			defaultConfigurationIsVisible = 0;
			defaultConfigurationName = Release;
		};
		28721C151CA285A600D37B76 /* Build configuration list for PBXNativeTarget "My-ImagePickerSheetController" */ = {
			isa = XCConfigurationList;
			buildConfigurations = (
				28721C161CA285A600D37B76 /* Debug */,
				28721C171CA285A600D37B76 /* Release */,
			);
			defaultConfigurationIsVisible = 0;
		};
/* End XCConfigurationList section */
	};
	rootObject = 28721BFB1CA285A500D37B76 /* Project object */;
}
