// !$*UTF8*$!
{
	archiveVersion = 1;
	classes = {
	};
	objectVersion = 46;
	objects = {

/* Begin PBXBuildFile section */
		28640A9A1C868AE800535CA4 /* AppDelegate.swift in Sources */ = {isa = PBXBuildFile; fileRef = 28640A991C868AE800535CA4 /* AppDelegate.swift */; };
		28640A9C1C868AE800535CA4 /* ViewController.swift in Sources */ = {isa = PBXBuildFile; fileRef = 28640A9B1C868AE800535CA4 /* ViewController.swift */; };
		28640A9F1C868AE800535CA4 /* Main.storyboard in Resources */ = {isa = PBXBuildFile; fileRef = 28640A9D1C868AE800535CA4 /* Main.storyboard */; };
		28640AA11C868AE800535CA4 /* Assets.xcassets in Resources */ = {isa = PBXBuildFile; fileRef = 28640AA01C868AE800535CA4 /* Assets.xcassets */; };
		28640AA41C868AE800535CA4 /* LaunchScreen.storyboard in Resources */ = {isa = PBXBuildFile; fileRef = 28640AA21C868AE800535CA4 /* LaunchScreen.storyboard */; };
		28640AAC1C8691CD00535CA4 /* NewsTableViewController.swift in Sources */ = {isa = PBXBuildFile; fileRef = 28640AAB1C8691CD00535CA4 /* NewsTableViewController.swift */; };
		28640AAE1C86932A00535CA4 /* NewsTableViewCell.swift in Sources */ = {isa = PBXBuildFile; fileRef = 28640AAD1C86932A00535CA4 /* NewsTableViewCell.swift */; };
		28640AB01C86E0EE00535CA4 /* MenuTableViewCell.swift in Sources */ = {isa = PBXBuildFile; fileRef = 28640AAF1C86E0EE00535CA4 /* MenuTableViewCell.swift */; };
		28640AB21C86E15500535CA4 /* MenuTableViewController.swift in Sources */ = {isa = PBXBuildFile; fileRef = 28640AB11C86E15500535CA4 /* MenuTableViewController.swift */; };
/* End PBXBuildFile section */

/* Begin PBXFileReference section */
		28640A961C868AE800535CA4 /* My-SlideMenu.app */ = {isa = PBXFileReference; explicitFileType = wrapper.application; includeInIndex = 0; path = "My-SlideMenu.app"; sourceTree = BUILT_PRODUCTS_DIR; };
		28640A991C868AE800535CA4 /* AppDelegate.swift */ = {isa = PBXFileReference; lastKnownFileType = sourcecode.swift; path = AppDelegate.swift; sourceTree = "<group>"; };
		28640A9B1C868AE800535CA4 /* ViewController.swift */ = {isa = PBXFileReference; lastKnownFileType = sourcecode.swift; path = ViewController.swift; sourceTree = "<group>"; };
		28640A9E1C868AE800535CA4 /* Base */ = {isa = PBXFileReference; lastKnownFileType = file.storyboard; name = Base; path = Base.lproj/Main.storyboard; sourceTree = "<group>"; };
		28640AA01C868AE800535CA4 /* Assets.xcassets */ = {isa = PBXFileReference; lastKnownFileType = folder.assetcatalog; path = Assets.xcassets; sourceTree = "<group>"; };
		28640AA31C868AE800535CA4 /* Base */ = {isa = PBXFileReference; lastKnownFileType = file.storyboard; name = Base; path = Base.lproj/LaunchScreen.storyboard; sourceTree = "<group>"; };
		28640AA51C868AE800535CA4 /* Info.plist */ = {isa = PBXFileReference; lastKnownFileType = text.plist.xml; path = Info.plist; sourceTree = "<group>"; };
		28640AAB1C8691CD00535CA4 /* NewsTableViewController.swift */ = {isa = PBXFileReference; fileEncoding = 4; lastKnownFileType = sourcecode.swift; path = NewsTableViewController.swift; sourceTree = "<group>"; };
		28640AAD1C86932A00535CA4 /* NewsTableViewCell.swift */ = {isa = PBXFileReference; fileEncoding = 4; lastKnownFileType = sourcecode.swift; path = NewsTableViewCell.swift; sourceTree = "<group>"; };
		28640AAF1C86E0EE00535CA4 /* MenuTableViewCell.swift */ = {isa = PBXFileReference; fileEncoding = 4; lastKnownFileType = sourcecode.swift; path = MenuTableViewCell.swift; sourceTree = "<group>"; };
		28640AB11C86E15500535CA4 /* MenuTableViewController.swift */ = {isa = PBXFileReference; fileEncoding = 4; lastKnownFileType = sourcecode.swift; path = MenuTableViewController.swift; sourceTree = "<group>"; };
/* End PBXFileReference section */

/* Begin PBXFrameworksBuildPhase section */
		28640A931C868AE800535CA4 /* Frameworks */ = {
			isa = PBXFrameworksBuildPhase;
			buildActionMask = 2147483647;
			files = (
			);
			runOnlyForDeploymentPostprocessing = 0;
		};
/* End PBXFrameworksBuildPhase section */

/* Begin PBXGroup section */
		28640A8D1C868AE800535CA4 = {
			isa = PBXGroup;
			children = (
				28640A981C868AE800535CA4 /* My-SlideMenu */,
				28640A971C868AE800535CA4 /* Products */,
			);
			sourceTree = "<group>";
		};
		28640A971C868AE800535CA4 /* Products */ = {
			isa = PBXGroup;
			children = (
				28640A961C868AE800535CA4 /* My-SlideMenu.app */,
			);
			name = Products;
			sourceTree = "<group>";
		};
		28640A981C868AE800535CA4 /* My-SlideMenu */ = {
			isa = PBXGroup;
			children = (
				28640A991C868AE800535CA4 /* AppDelegate.swift */,
				28640A9B1C868AE800535CA4 /* ViewController.swift */,
				28640AAB1C8691CD00535CA4 /* NewsTableViewController.swift */,
				28640AB11C86E15500535CA4 /* MenuTableViewController.swift */,
				28640AAD1C86932A00535CA4 /* NewsTableViewCell.swift */,
				28640AAF1C86E0EE00535CA4 /* MenuTableViewCell.swift */,
				28640A9D1C868AE800535CA4 /* Main.storyboard */,
				28640AA01C868AE800535CA4 /* Assets.xcassets */,
				28640AA21C868AE800535CA4 /* LaunchScreen.storyboard */,
				28640AA51C868AE800535CA4 /* Info.plist */,
			);
			path = "My-SlideMenu";
			sourceTree = "<group>";
		};
/* End PBXGroup section */

/* Begin PBXNativeTarget section */
		28640A951C868AE800535CA4 /* My-SlideMenu */ = {
			isa = PBXNativeTarget;
			buildConfigurationList = 28640AA81C868AE800535CA4 /* Build configuration list for PBXNativeTarget "My-SlideMenu" */;
			buildPhases = (
				28640A921C868AE800535CA4 /* Sources */,
				28640A931C868AE800535CA4 /* Frameworks */,
				28640A941C868AE800535CA4 /* Resources */,
			);
			buildRules = (
			);
			dependencies = (
			);
			name = "My-SlideMenu";
			productName = "My-SlideMenu";
			productReference = 28640A961C868AE800535CA4 /* My-SlideMenu.app */;
			productType = "com.apple.product-type.application";
		};
/* End PBXNativeTarget section */

/* Begin PBXProject section */
		28640A8E1C868AE800535CA4 /* Project object */ = {
			isa = PBXProject;
			attributes = {
				LastSwiftUpdateCheck = 0720;
				LastUpgradeCheck = 0720;
				ORGANIZATIONNAME = v2panda;
				TargetAttributes = {
					28640A951C868AE800535CA4 = {
						CreatedOnToolsVersion = 7.2;
					};
				};
			};
			buildConfigurationList = 28640A911C868AE800535CA4 /* Build configuration list for PBXProject "My-SlideMenu" */;
			compatibilityVersion = "Xcode 3.2";
			developmentRegion = English;
			hasScannedForEncodings = 0;
			knownRegions = (
				en,
				Base,
			);
			mainGroup = 28640A8D1C868AE800535CA4;
			productRefGroup = 28640A971C868AE800535CA4 /* Products */;
			projectDirPath = "";
			projectRoot = "";
			targets = (
				28640A951C868AE800535CA4 /* My-SlideMenu */,
			);
		};
/* End PBXProject section */

/* Begin PBXResourcesBuildPhase section */
		28640A941C868AE800535CA4 /* Resources */ = {
			isa = PBXResourcesBuildPhase;
			buildActionMask = 2147483647;
			files = (
				28640AA41C868AE800535CA4 /* LaunchScreen.storyboard in Resources */,
				28640AA11C868AE800535CA4 /* Assets.xcassets in Resources */,
				28640A9F1C868AE800535CA4 /* Main.storyboard in Resources */,
			);
			runOnlyForDeploymentPostprocessing = 0;
		};
/* End PBXResourcesBuildPhase section */

/* Begin PBXSourcesBuildPhase section */
		28640A921C868AE800535CA4 /* Sources */ = {
			isa = PBXSourcesBuildPhase;
			buildActionMask = 2147483647;
			files = (
				28640A9C1C868AE800535CA4 /* ViewController.swift in Sources */,
				28640A9A1C868AE800535CA4 /* AppDelegate.swift in Sources */,
				28640AB21C86E15500535CA4 /* MenuTableViewController.swift in Sources */,
				28640AAE1C86932A00535CA4 /* NewsTableViewCell.swift in Sources */,
				28640AAC1C8691CD00535CA4 /* NewsTableViewController.swift in Sources */,
				28640AB01C86E0EE00535CA4 /* MenuTableViewCell.swift in Sources */,
			);
			runOnlyForDeploymentPostprocessing = 0;
		};
/* End PBXSourcesBuildPhase section */

/* Begin PBXVariantGroup section */
		28640A9D1C868AE800535CA4 /* Main.storyboard */ = {
			isa = PBXVariantGroup;
			children = (
				28640A9E1C868AE800535CA4 /* Base */,
			);
			name = Main.storyboard;
			sourceTree = "<group>";
		};
		28640AA21C868AE800535CA4 /* LaunchScreen.storyboard */ = {
			isa = PBXVariantGroup;
			children = (
				28640AA31C868AE800535CA4 /* Base */,
			);
			name = LaunchScreen.storyboard;
			sourceTree = "<group>";
		};
/* End PBXVariantGroup section */

/* Begin XCBuildConfiguration section */
		28640AA61C868AE800535CA4 /* Debug */ = {
			isa = XCBuildConfiguration;
			buildSettings = {
				ALWAYS_SEARCH_USER_PATHS = NO;
				CLANG_CXX_LANGUAGE_STANDARD = "gnu++0x";
				CLANG_CXX_LIBRARY = "libc++";
				CLANG_ENABLE_MODULES = YES;
				CLANG_ENABLE_OBJC_ARC = YES;
				CLANG_WARN_BOOL_CONVERSION = YES;
				CLANG_WARN_CONSTANT_CONVERSION = YES;
				CLANG_WARN_DIRECT_OBJC_ISA_USAGE = YES_ERROR;
				CLANG_WARN_EMPTY_BODY = YES;
				CLANG_WARN_ENUM_CONVERSION = YES;
				CLANG_WARN_INT_CONVERSION = YES;
				CLANG_WARN_OBJC_ROOT_CLASS = YES_ERROR;
				CLANG_WARN_UNREACHABLE_CODE = YES;
				CLANG_WARN__DUPLICATE_METHOD_MATCH = YES;
				"CODE_SIGN_IDENTITY[sdk=iphoneos*]" = "iPhone Developer";
				COPY_PHASE_STRIP = NO;
				DEBUG_INFORMATION_FORMAT = dwarf;
				ENABLE_STRICT_OBJC_MSGSEND = YES;
				ENABLE_TESTABILITY = YES;
				GCC_C_LANGUAGE_STANDARD = gnu99;
				GCC_DYNAMIC_NO_PIC = NO;
				GCC_NO_COMMON_BLOCKS = YES;
				GCC_OPTIMIZATION_LEVEL = 0;
				GCC_PREPROCESSOR_DEFINITIONS = (
					"DEBUG=1",
					"$(inherited)",
				);
				GCC_WARN_64_TO_32_BIT_CONVERSION = YES;
				GCC_WARN_ABOUT_RETURN_TYPE = YES_ERROR;
				GCC_WARN_UNDECLARED_SELECTOR = YES;
				GCC_WARN_UNINITIALIZED_AUTOS = YES_AGGRESSIVE;
				GCC_WARN_UNUSED_FUNCTION = YES;
				GCC_WARN_UNUSED_VARIABLE = YES;
				IPHONEOS_DEPLOYMENT_TARGET = 9.2;
				MTL_ENABLE_DEBUG_INFO = YES;
				ONLY_ACTIVE_ARCH = YES;
				SDKROOT = iphoneos;
				SWIFT_OPTIMIZATION_LEVEL = "-Onone";
				TARGETED_DEVICE_FAMILY = "1,2";
			};
			name = Debug;
		};
		28640AA71C868AE800535CA4 /* Release */ = {
			isa = XCBuildConfiguration;
			buildSettings = {
				ALWAYS_SEARCH_USER_PATHS = NO;
				CLANG_CXX_LANGUAGE_STANDARD = "gnu++0x";
				CLANG_CXX_LIBRARY = "libc++";
				CLANG_ENABLE_MODULES = YES;
				CLANG_ENABLE_OBJC_ARC = YES;
				CLANG_WARN_BOOL_CONVERSION = YES;
				CLANG_WARN_CONSTANT_CONVERSION = YES;
				CLANG_WARN_DIRECT_OBJC_ISA_USAGE = YES_ERROR;
				CLANG_WARN_EMPTY_BODY = YES;
				CLANG_WARN_ENUM_CONVERSION = YES;
				CLANG_WARN_INT_CONVERSION = YES;
				CLANG_WARN_OBJC_ROOT_CLASS = YES_ERROR;
				CLANG_WARN_UNREACHABLE_CODE = YES;
				CLANG_WARN__DUPLICATE_METHOD_MATCH = YES;
				"CODE_SIGN_IDENTITY[sdk=iphoneos*]" = "iPhone Developer";
				COPY_PHASE_STRIP = NO;
				DEBUG_INFORMATION_FORMAT = "dwarf-with-dsym";
				ENABLE_NS_ASSERTIONS = NO;
				ENABLE_STRICT_OBJC_MSGSEND = YES;
				GCC_C_LANGUAGE_STANDARD = gnu99;
				GCC_NO_COMMON_BLOCKS = YES;
				GCC_WARN_64_TO_32_BIT_CONVERSION = YES;
				GCC_WARN_ABOUT_RETURN_TYPE = YES_ERROR;
				GCC_WARN_UNDECLARED_SELECTOR = YES;
				GCC_WARN_UNINITIALIZED_AUTOS = YES_AGGRESSIVE;
				GCC_WARN_UNUSED_FUNCTION = YES;
				GCC_WARN_UNUSED_VARIABLE = YES;
				IPHONEOS_DEPLOYMENT_TARGET = 9.2;
				MTL_ENABLE_DEBUG_INFO = NO;
				SDKROOT = iphoneos;
				TARGETED_DEVICE_FAMILY = "1,2";
				VALIDATE_PRODUCT = YES;
			};
			name = Release;
		};
		28640AA91C868AE800535CA4 /* Debug */ = {
			isa = XCBuildConfiguration;
			buildSettings = {
				ASSETCATALOG_COMPILER_APPICON_NAME = AppIcon;
				INFOPLIST_FILE = "My-SlideMenu/Info.plist";
				LD_RUNPATH_SEARCH_PATHS = "$(inherited) @executable_path/Frameworks";
				PRODUCT_BUNDLE_IDENTIFIER = "PDA.My-SlideMenu";
				PRODUCT_NAME = "$(TARGET_NAME)";
			};
			name = Debug;
		};
		28640AAA1C868AE800535CA4 /* Release */ = {
			isa = XCBuildConfiguration;
			buildSettings = {
				ASSETCATALOG_COMPILER_APPICON_NAME = AppIcon;
				INFOPLIST_FILE = "My-SlideMenu/Info.plist";
				LD_RUNPATH_SEARCH_PATHS = "$(inherited) @executable_path/Frameworks";
				PRODUCT_BUNDLE_IDENTIFIER = "PDA.My-SlideMenu";
				PRODUCT_NAME = "$(TARGET_NAME)";
			};
			name = Release;
		};
/* End XCBuildConfiguration section */

/* Begin XCConfigurationList section */
		28640A911C868AE800535CA4 /* Build configuration list for PBXProject "My-SlideMenu" */ = {
			isa = XCConfigurationList;
			buildConfigurations = (
				28640AA61C868AE800535CA4 /* Debug */,
				28640AA71C868AE800535CA4 /* Release */,
			);
			defaultConfigurationIsVisible = 0;
			defaultConfigurationName = Release;
		};
		28640AA81C868AE800535CA4 /* Build configuration list for PBXNativeTarget "My-SlideMenu" */ = {
			isa = XCConfigurationList;
			buildConfigurations = (
				28640AA91C868AE800535CA4 /* Debug */,
				28640AAA1C868AE800535CA4 /* Release */,
			);
			defaultConfigurationIsVisible = 0;
		};
/* End XCConfigurationList section */
	};
	rootObject = 28640A8E1C868AE800535CA4 /* Project object */;
}
